// !$*UTF8*$!
{
	archiveVersion = 1;
	classes = {
	};
	objectVersion = 77;
	objects = {

/* Begin PBXBuildFile section */
		040D5CEA2CBE631F00549B47 /* districts.json in Resources */ = {isa = PBXBuildFile; fileRef = 040D5CE92CBE631F00549B47 /* districts.json */; };
		040D5CEC2CBE632700549B47 /* PetWriteView.swift in Sources */ = {isa = PBXBuildFile; fileRef = 040D5CEB2CBE632700549B47 /* PetWriteView.swift */; };
		23499B172CBD120F009FD900 /* GoogleSignIn in Frameworks */ = {isa = PBXBuildFile; productRef = 23499B162CBD120F009FD900 /* GoogleSignIn */; };
		23499B192CBD120F009FD900 /* GoogleSignInSwift in Frameworks */ = {isa = PBXBuildFile; productRef = 23499B182CBD120F009FD900 /* GoogleSignInSwift */; };
		23499B1C2CBD1239009FD900 /* KakaoSDKAuth in Frameworks */ = {isa = PBXBuildFile; productRef = 23499B1B2CBD1239009FD900 /* KakaoSDKAuth */; };
		238A2EEA2CBD0E200058D7CC /* FirebaseAuth in Frameworks */ = {isa = PBXBuildFile; productRef = 238A2EE92CBD0E200058D7CC /* FirebaseAuth */; };
		238A2EEC2CBD0E200058D7CC /* FirebaseCore in Frameworks */ = {isa = PBXBuildFile; productRef = 238A2EEB2CBD0E200058D7CC /* FirebaseCore */; };
		238A2EEE2CBD0E200058D7CC /* FirebaseFirestore in Frameworks */ = {isa = PBXBuildFile; productRef = 238A2EED2CBD0E200058D7CC /* FirebaseFirestore */; };
		238A2EF02CBD0E200058D7CC /* FirebaseStorage in Frameworks */ = {isa = PBXBuildFile; productRef = 238A2EEF2CBD0E200058D7CC /* FirebaseStorage */; };
		256A27232CBD047A0031F766 /* ButtonModifier.swift in Sources */ = {isa = PBXBuildFile; fileRef = 256A271F2CBD047A0031F766 /* ButtonModifier.swift */; };
		256A27242CBD047A0031F766 /* ContentView.swift in Sources */ = {isa = PBXBuildFile; fileRef = 256A27202CBD047A0031F766 /* ContentView.swift */; };
		256A27252CBD047A0031F766 /* PetMateApp.swift in Sources */ = {isa = PBXBuildFile; fileRef = 256A27212CBD047A0031F766 /* PetMateApp.swift */; };
		256A27262CBD047A0031F766 /* Assets.xcassets in Resources */ = {isa = PBXBuildFile; fileRef = 256A271E2CBD047A0031F766 /* Assets.xcassets */; };
		256A27312CBD052E0031F766 /* CustomButton.swift in Sources */ = {isa = PBXBuildFile; fileRef = 256A27302CBD05220031F766 /* CustomButton.swift */; };
		256A27332CBD05370031F766 /* Font+Extension.swift in Sources */ = {isa = PBXBuildFile; fileRef = 256A27322CBD05330031F766 /* Font+Extension.swift */; };
		256A27352CBD05580031F766 /* LoginStore.swift in Sources */ = {isa = PBXBuildFile; fileRef = 256A27342CBD054F0031F766 /* LoginStore.swift */; };
		256A27372CBD055D0031F766 /* MateUser.swift in Sources */ = {isa = PBXBuildFile; fileRef = 256A27362CBD055B0031F766 /* MateUser.swift */; };
		256A27442CBE81350031F766 /* HomeView.swift in Sources */ = {isa = PBXBuildFile; fileRef = 256A27432CBE81350031F766 /* HomeView.swift */; };
		4B5D53072CBE2DB400FDC77A /* UserProfileView.swift in Sources */ = {isa = PBXBuildFile; fileRef = 4B5D53062CBE2DB400FDC77A /* UserProfileView.swift */; };
		BD3AF2D32CBE1DF4006BA00F /* KakaoMapsSDK_SPM in Frameworks */ = {isa = PBXBuildFile; productRef = BD3AF2D22CBE1DF4006BA00F /* KakaoMapsSDK_SPM */; };
		BD3AF2D62CBE1EEC006BA00F /* KakaoMapsSDK_SPM in Frameworks */ = {isa = PBXBuildFile; productRef = BD3AF2D52CBE1EEC006BA00F /* KakaoMapsSDK_SPM */; };
		BDB029AD2CBD75FC00A0EAF6 /* PetMapView.swift in Sources */ = {isa = PBXBuildFile; fileRef = BDB029AC2CBD75FC00A0EAF6 /* PetMapView.swift */; };
		FBB7BB4F2CBDF81C00E20E11 /* MatePost.swift in Sources */ = {isa = PBXBuildFile; fileRef = FBB7BB4E2CBDF81C00E20E11 /* MatePost.swift */; };
		FBB7BB512CBDF94400E20E11 /* Pet.swift in Sources */ = {isa = PBXBuildFile; fileRef = FBB7BB502CBDF94400E20E11 /* Pet.swift */; };
		FBB7BB532CBDF99D00E20E11 /* Review.swift in Sources */ = {isa = PBXBuildFile; fileRef = FBB7BB522CBDF99D00E20E11 /* Review.swift */; };
		FBB7BB552CBDF9E100E20E11 /* PlacePost.swift in Sources */ = {isa = PBXBuildFile; fileRef = FBB7BB542CBDF9E100E20E11 /* PlacePost.swift */; };
		FBB7BB582CBDFAA200E20E11 /* GeoFire in Frameworks */ = {isa = PBXBuildFile; productRef = FBB7BB572CBDFAA200E20E11 /* GeoFire */; };
		FBB7BB5A2CBDFAA200E20E11 /* GeoFireUtils in Frameworks */ = {isa = PBXBuildFile; productRef = FBB7BB592CBDFAA200E20E11 /* GeoFireUtils */; };
		FBD6BBAE2CBE3A28008BEA30 /* ChatRoom.swift in Sources */ = {isa = PBXBuildFile; fileRef = FBD6BBAD2CBE3A28008BEA30 /* ChatRoom.swift */; };
		FBD6BBB02CBE3A5C008BEA30 /* ChatRoomListView.swift in Sources */ = {isa = PBXBuildFile; fileRef = FBD6BBAF2CBE3A5C008BEA30 /* ChatRoomListView.swift */; };
		FBD6BBB22CBE3A68008BEA30 /* ChatRoomListViewModel.swift in Sources */ = {isa = PBXBuildFile; fileRef = FBD6BBB12CBE3A68008BEA30 /* ChatRoomListViewModel.swift */; };
		FBD6BBB72CBE49EA008BEA30 /* Date+Extension.swift in Sources */ = {isa = PBXBuildFile; fileRef = FBD6BBB62CBE49EA008BEA30 /* Date+Extension.swift */; };
		FBD6BBB92CBE665D008BEA30 /* GoogleService-Info.plist in Resources */ = {isa = PBXBuildFile; fileRef = FBD6BBB82CBE665D008BEA30 /* GoogleService-Info.plist */; };
/* End PBXBuildFile section */

/* Begin PBXFileReference section */
		040D5CE92CBE631F00549B47 /* districts.json */ = {isa = PBXFileReference; lastKnownFileType = text.json; path = districts.json; sourceTree = "<group>"; };
		040D5CEB2CBE632700549B47 /* PetWriteView.swift */ = {isa = PBXFileReference; lastKnownFileType = sourcecode.swift; path = PetWriteView.swift; sourceTree = "<group>"; };
		256A271E2CBD047A0031F766 /* Assets.xcassets */ = {isa = PBXFileReference; lastKnownFileType = folder.assetcatalog; path = Assets.xcassets; sourceTree = "<group>"; };
		256A271F2CBD047A0031F766 /* ButtonModifier.swift */ = {isa = PBXFileReference; lastKnownFileType = sourcecode.swift; path = ButtonModifier.swift; sourceTree = "<group>"; };
		256A27202CBD047A0031F766 /* ContentView.swift */ = {isa = PBXFileReference; lastKnownFileType = sourcecode.swift; path = ContentView.swift; sourceTree = "<group>"; };
		256A27212CBD047A0031F766 /* PetMateApp.swift */ = {isa = PBXFileReference; lastKnownFileType = sourcecode.swift; path = PetMateApp.swift; sourceTree = "<group>"; };
		256A27302CBD05220031F766 /* CustomButton.swift */ = {isa = PBXFileReference; lastKnownFileType = sourcecode.swift; path = CustomButton.swift; sourceTree = "<group>"; };
		256A27322CBD05330031F766 /* Font+Extension.swift */ = {isa = PBXFileReference; lastKnownFileType = sourcecode.swift; path = "Font+Extension.swift"; sourceTree = "<group>"; };
		256A27342CBD054F0031F766 /* LoginStore.swift */ = {isa = PBXFileReference; lastKnownFileType = sourcecode.swift; path = LoginStore.swift; sourceTree = "<group>"; };
		256A27362CBD055B0031F766 /* MateUser.swift */ = {isa = PBXFileReference; lastKnownFileType = sourcecode.swift; path = MateUser.swift; sourceTree = "<group>"; };
		256A27432CBE81350031F766 /* HomeView.swift */ = {isa = PBXFileReference; lastKnownFileType = sourcecode.swift; path = HomeView.swift; sourceTree = "<group>"; };
		4B5D53062CBE2DB400FDC77A /* UserProfileView.swift */ = {isa = PBXFileReference; lastKnownFileType = sourcecode.swift; path = UserProfileView.swift; sourceTree = "<group>"; };
		BD63D8F72CBE09B100CDDC65 /* Config.xcconfig */ = {isa = PBXFileReference; lastKnownFileType = text.xcconfig; path = Config.xcconfig; sourceTree = "<group>"; };
		BD63D8F82CBE0B2500CDDC65 /* Info.plist */ = {isa = PBXFileReference; lastKnownFileType = text.plist; path = Info.plist; sourceTree = "<group>"; };
		BDB029922CBCF46200A0EAF6 /* PetMate.app */ = {isa = PBXFileReference; explicitFileType = wrapper.application; includeInIndex = 0; path = PetMate.app; sourceTree = BUILT_PRODUCTS_DIR; };
		BDB029AC2CBD75FC00A0EAF6 /* PetMapView.swift */ = {isa = PBXFileReference; lastKnownFileType = sourcecode.swift; path = PetMapView.swift; sourceTree = "<group>"; };
		FBB7BB4E2CBDF81C00E20E11 /* MatePost.swift */ = {isa = PBXFileReference; lastKnownFileType = sourcecode.swift; path = MatePost.swift; sourceTree = "<group>"; };
		FBB7BB502CBDF94400E20E11 /* Pet.swift */ = {isa = PBXFileReference; lastKnownFileType = sourcecode.swift; path = Pet.swift; sourceTree = "<group>"; };
		FBB7BB522CBDF99D00E20E11 /* Review.swift */ = {isa = PBXFileReference; lastKnownFileType = sourcecode.swift; path = Review.swift; sourceTree = "<group>"; };
		FBB7BB542CBDF9E100E20E11 /* PlacePost.swift */ = {isa = PBXFileReference; lastKnownFileType = sourcecode.swift; path = PlacePost.swift; sourceTree = "<group>"; };
		FBD6BBAD2CBE3A28008BEA30 /* ChatRoom.swift */ = {isa = PBXFileReference; lastKnownFileType = sourcecode.swift; path = ChatRoom.swift; sourceTree = "<group>"; };
		FBD6BBAF2CBE3A5C008BEA30 /* ChatRoomListView.swift */ = {isa = PBXFileReference; lastKnownFileType = sourcecode.swift; path = ChatRoomListView.swift; sourceTree = "<group>"; };
		FBD6BBB12CBE3A68008BEA30 /* ChatRoomListViewModel.swift */ = {isa = PBXFileReference; lastKnownFileType = sourcecode.swift; path = ChatRoomListViewModel.swift; sourceTree = "<group>"; };
		FBD6BBB62CBE49EA008BEA30 /* Date+Extension.swift */ = {isa = PBXFileReference; lastKnownFileType = sourcecode.swift; path = "Date+Extension.swift"; sourceTree = "<group>"; };
		FBD6BBB82CBE665D008BEA30 /* GoogleService-Info.plist */ = {isa = PBXFileReference; lastKnownFileType = text.plist.xml; path = "GoogleService-Info.plist"; sourceTree = "<group>"; };
/* End PBXFileReference section */

/* Begin PBXFrameworksBuildPhase section */
		BDB0298F2CBCF46200A0EAF6 /* Frameworks */ = {
			isa = PBXFrameworksBuildPhase;
			buildActionMask = 2147483647;
			files = (
				FBB7BB582CBDFAA200E20E11 /* GeoFire in Frameworks */,
				FBB7BB5A2CBDFAA200E20E11 /* GeoFireUtils in Frameworks */,
				23499B1C2CBD1239009FD900 /* KakaoSDKAuth in Frameworks */,
				23499B172CBD120F009FD900 /* GoogleSignIn in Frameworks */,
				238A2EEC2CBD0E200058D7CC /* FirebaseCore in Frameworks */,
				238A2EF02CBD0E200058D7CC /* FirebaseStorage in Frameworks */,
				BD3AF2D62CBE1EEC006BA00F /* KakaoMapsSDK_SPM in Frameworks */,
				23499B192CBD120F009FD900 /* GoogleSignInSwift in Frameworks */,
				BD3AF2D32CBE1DF4006BA00F /* KakaoMapsSDK_SPM in Frameworks */,
				238A2EEA2CBD0E200058D7CC /* FirebaseAuth in Frameworks */,
				238A2EEE2CBD0E200058D7CC /* FirebaseFirestore in Frameworks */,
			);
			runOnlyForDeploymentPostprocessing = 0;
		};
/* End PBXFrameworksBuildPhase section */

/* Begin PBXGroup section */
		256A27222CBD047A0031F766 /* PetMate */ = {
			isa = PBXGroup;
			children = (
				BD63D8F82CBE0B2500CDDC65 /* Info.plist */,
				256A272F2CBD04FA0031F766 /* App */,
				256A27272CBD04830031F766 /* Model */,
				256A27282CBD04890031F766 /* Store */,
				256A27292CBD048E0031F766 /* View */,
				256A272E2CBD04E10031F766 /* Resource */,
				FBD6BBB82CBE665D008BEA30 /* GoogleService-Info.plist */,
			);
			path = PetMate;
			sourceTree = "<group>";
		};
		256A27272CBD04830031F766 /* Model */ = {
			isa = PBXGroup;
			children = (
				256A27362CBD055B0031F766 /* MateUser.swift */,
				FBB7BB4E2CBDF81C00E20E11 /* MatePost.swift */,
				FBB7BB502CBDF94400E20E11 /* Pet.swift */,
				FBB7BB522CBDF99D00E20E11 /* Review.swift */,
				FBB7BB542CBDF9E100E20E11 /* PlacePost.swift */,
				FBD6BBAD2CBE3A28008BEA30 /* ChatRoom.swift */,
			);
			path = Model;
			sourceTree = "<group>";
		};
		256A27282CBD04890031F766 /* Store */ = {
			isa = PBXGroup;
			children = (
				256A27342CBD054F0031F766 /* LoginStore.swift */,
			);
			path = Store;
			sourceTree = "<group>";
		};
		256A27292CBD048E0031F766 /* View */ = {
			isa = PBXGroup;
			children = (
				256A27422CBE80FB0031F766 /* HomeView */,
				FBD6BBAC2CBE3A1B008BEA30 /* ChatRoom */,
				4B5D53052CBE2D9600FDC77A /* MyPageView */,
				256A27202CBD047A0031F766 /* ContentView.swift */,
				BDB029AC2CBD75FC00A0EAF6 /* PetMapView.swift */,
				040D5CEB2CBE632700549B47 /* PetWriteView.swift */,
				256A272A2CBD04930031F766 /* Common */,
			);
			path = View;
			sourceTree = "<group>";
		};
		256A272A2CBD04930031F766 /* Common */ = {
			isa = PBXGroup;
			children = (
				256A272D2CBD04DA0031F766 /* CommonView */,
				256A272C2CBD04A60031F766 /* Modifier */,
				256A272B2CBD049B0031F766 /* Extension */,
			);
			path = Common;
			sourceTree = "<group>";
		};
		256A272B2CBD049B0031F766 /* Extension */ = {
			isa = PBXGroup;
			children = (
				256A27322CBD05330031F766 /* Font+Extension.swift */,
				FBD6BBB62CBE49EA008BEA30 /* Date+Extension.swift */,
			);
			path = Extension;
			sourceTree = "<group>";
		};
		256A272C2CBD04A60031F766 /* Modifier */ = {
			isa = PBXGroup;
			children = (
				256A271F2CBD047A0031F766 /* ButtonModifier.swift */,
			);
			path = Modifier;
			sourceTree = "<group>";
		};
		256A272D2CBD04DA0031F766 /* CommonView */ = {
			isa = PBXGroup;
			children = (
				256A27302CBD05220031F766 /* CustomButton.swift */,
			);
			path = CommonView;
			sourceTree = "<group>";
		};
		256A272E2CBD04E10031F766 /* Resource */ = {
			isa = PBXGroup;
			children = (
				040D5CE92CBE631F00549B47 /* districts.json */,
				256A271E2CBD047A0031F766 /* Assets.xcassets */,
			);
			path = Resource;
			sourceTree = "<group>";
		};
		256A272F2CBD04FA0031F766 /* App */ = {
			isa = PBXGroup;
			children = (
				256A27212CBD047A0031F766 /* PetMateApp.swift */,
			);
			path = App;
			sourceTree = "<group>";
		};
		256A27422CBE80FB0031F766 /* HomeView */ = {
			isa = PBXGroup;
			children = (
				256A27432CBE81350031F766 /* HomeView.swift */,
			);
			path = HomeView;
			sourceTree = "<group>";
		};
		4B5D53052CBE2D9600FDC77A /* MyPageView */ = {
			isa = PBXGroup;
			children = (
				4B5D53062CBE2DB400FDC77A /* UserProfileView.swift */,
			);
			path = MyPageView;
			sourceTree = "<group>";
		};
		BDB029892CBCF46100A0EAF6 = {
			isa = PBXGroup;
			children = (
				BD63D8F72CBE09B100CDDC65 /* Config.xcconfig */,
				256A27222CBD047A0031F766 /* PetMate */,
				BDB029932CBCF46200A0EAF6 /* Products */,
			);
			sourceTree = "<group>";
		};
		BDB029932CBCF46200A0EAF6 /* Products */ = {
			isa = PBXGroup;
			children = (
				BDB029922CBCF46200A0EAF6 /* PetMate.app */,
			);
			name = Products;
			sourceTree = "<group>";
		};
		FBD6BBAC2CBE3A1B008BEA30 /* ChatRoom */ = {
			isa = PBXGroup;
			children = (
				FBD6BBAF2CBE3A5C008BEA30 /* ChatRoomListView.swift */,
				FBD6BBB12CBE3A68008BEA30 /* ChatRoomListViewModel.swift */,
			);
			path = ChatRoom;
			sourceTree = "<group>";
		};
/* End PBXGroup section */

/* Begin PBXNativeTarget section */
		BDB029912CBCF46200A0EAF6 /* PetMate */ = {
			isa = PBXNativeTarget;
			buildConfigurationList = BDB029A02CBCF46400A0EAF6 /* Build configuration list for PBXNativeTarget "PetMate" */;
			buildPhases = (
				BDB0298E2CBCF46200A0EAF6 /* Sources */,
				BDB0298F2CBCF46200A0EAF6 /* Frameworks */,
				BDB029902CBCF46200A0EAF6 /* Resources */,
			);
			buildRules = (
			);
			dependencies = (
			);
			name = PetMate;
			packageProductDependencies = (
				238A2EE92CBD0E200058D7CC /* FirebaseAuth */,
				238A2EEB2CBD0E200058D7CC /* FirebaseCore */,
				238A2EED2CBD0E200058D7CC /* FirebaseFirestore */,
				238A2EEF2CBD0E200058D7CC /* FirebaseStorage */,
				23499B162CBD120F009FD900 /* GoogleSignIn */,
				23499B182CBD120F009FD900 /* GoogleSignInSwift */,
				23499B1B2CBD1239009FD900 /* KakaoSDKAuth */,
				FBB7BB572CBDFAA200E20E11 /* GeoFire */,
				FBB7BB592CBDFAA200E20E11 /* GeoFireUtils */,
				BD3AF2D22CBE1DF4006BA00F /* KakaoMapsSDK_SPM */,
				BD3AF2D52CBE1EEC006BA00F /* KakaoMapsSDK_SPM */,
			);
			productName = PetMate;
			productReference = BDB029922CBCF46200A0EAF6 /* PetMate.app */;
			productType = "com.apple.product-type.application";
		};
/* End PBXNativeTarget section */

/* Begin PBXProject section */
		BDB0298A2CBCF46100A0EAF6 /* Project object */ = {
			isa = PBXProject;
			attributes = {
				BuildIndependentTargetsInParallel = 1;
				LastSwiftUpdateCheck = 1600;
				LastUpgradeCheck = 1600;
				TargetAttributes = {
					BDB029912CBCF46200A0EAF6 = {
						CreatedOnToolsVersion = 16.0;
					};
				};
			};
			buildConfigurationList = BDB0298D2CBCF46100A0EAF6 /* Build configuration list for PBXProject "PetMate" */;
			developmentRegion = en;
			hasScannedForEncodings = 0;
			knownRegions = (
				en,
				Base,
			);
			mainGroup = BDB029892CBCF46100A0EAF6;
			minimizedProjectReferenceProxies = 1;
			packageReferences = (
				238A2EE82CBD0E200058D7CC /* XCRemoteSwiftPackageReference "firebase-ios-sdk" */,
				23499B152CBD120F009FD900 /* XCRemoteSwiftPackageReference "GoogleSignIn-iOS" */,
				23499B1A2CBD1239009FD900 /* XCRemoteSwiftPackageReference "kakao-ios-sdk" */,
				FBB7BB562CBDFAA200E20E11 /* XCRemoteSwiftPackageReference "geofire-objc" */,
				BD3AF2D42CBE1EEC006BA00F /* XCLocalSwiftPackageReference "../KakaoMapsSDK_SPM_master" */,
			);
			preferredProjectObjectVersion = 77;
			productRefGroup = BDB029932CBCF46200A0EAF6 /* Products */;
			projectDirPath = "";
			projectRoot = "";
			targets = (
				BDB029912CBCF46200A0EAF6 /* PetMate */,
			);
		};
/* End PBXProject section */

/* Begin PBXResourcesBuildPhase section */
		BDB029902CBCF46200A0EAF6 /* Resources */ = {
			isa = PBXResourcesBuildPhase;
			buildActionMask = 2147483647;
			files = (
				256A27262CBD047A0031F766 /* Assets.xcassets in Resources */,
				FBD6BBB92CBE665D008BEA30 /* GoogleService-Info.plist in Resources */,
				040D5CEA2CBE631F00549B47 /* districts.json in Resources */,
			);
			runOnlyForDeploymentPostprocessing = 0;
		};
/* End PBXResourcesBuildPhase section */

/* Begin PBXSourcesBuildPhase section */
		BDB0298E2CBCF46200A0EAF6 /* Sources */ = {
			isa = PBXSourcesBuildPhase;
			buildActionMask = 2147483647;
			files = (
				256A27312CBD052E0031F766 /* CustomButton.swift in Sources */,
				256A27232CBD047A0031F766 /* ButtonModifier.swift in Sources */,
				256A27242CBD047A0031F766 /* ContentView.swift in Sources */,
				FBB7BB552CBDF9E100E20E11 /* PlacePost.swift in Sources */,
				FBB7BB512CBDF94400E20E11 /* Pet.swift in Sources */,
				FBD6BBB72CBE49EA008BEA30 /* Date+Extension.swift in Sources */,
				4B5D53072CBE2DB400FDC77A /* UserProfileView.swift in Sources */,
				256A27332CBD05370031F766 /* Font+Extension.swift in Sources */,
				FBD6BBB22CBE3A68008BEA30 /* ChatRoomListViewModel.swift in Sources */,
				FBB7BB532CBDF99D00E20E11 /* Review.swift in Sources */,
				FBD6BBB02CBE3A5C008BEA30 /* ChatRoomListView.swift in Sources */,
				256A27252CBD047A0031F766 /* PetMateApp.swift in Sources */,
				BDB029AD2CBD75FC00A0EAF6 /* PetMapView.swift in Sources */,
				256A27352CBD05580031F766 /* LoginStore.swift in Sources */,
				FBD6BBAE2CBE3A28008BEA30 /* ChatRoom.swift in Sources */,
				040D5CEC2CBE632700549B47 /* PetWriteView.swift in Sources */,
				FBB7BB4F2CBDF81C00E20E11 /* MatePost.swift in Sources */,
				256A27372CBD055D0031F766 /* MateUser.swift in Sources */,
				256A27442CBE81350031F766 /* HomeView.swift in Sources */,
			);
			runOnlyForDeploymentPostprocessing = 0;
		};
/* End PBXSourcesBuildPhase section */

/* Begin XCBuildConfiguration section */
		BDB0299E2CBCF46400A0EAF6 /* Debug */ = {
			isa = XCBuildConfiguration;
			baseConfigurationReference = BD63D8F72CBE09B100CDDC65 /* Config.xcconfig */;
			buildSettings = {
				ALWAYS_SEARCH_USER_PATHS = NO;
				ASSETCATALOG_COMPILER_GENERATE_SWIFT_ASSET_SYMBOL_EXTENSIONS = YES;
				CLANG_ANALYZER_NONNULL = YES;
				CLANG_ANALYZER_NUMBER_OBJECT_CONVERSION = YES_AGGRESSIVE;
				CLANG_CXX_LANGUAGE_STANDARD = "gnu++20";
				CLANG_ENABLE_MODULES = YES;
				CLANG_ENABLE_OBJC_ARC = YES;
				CLANG_ENABLE_OBJC_WEAK = YES;
				CLANG_WARN_BLOCK_CAPTURE_AUTORELEASING = YES;
				CLANG_WARN_BOOL_CONVERSION = YES;
				CLANG_WARN_COMMA = YES;
				CLANG_WARN_CONSTANT_CONVERSION = YES;
				CLANG_WARN_DEPRECATED_OBJC_IMPLEMENTATIONS = YES;
				CLANG_WARN_DIRECT_OBJC_ISA_USAGE = YES_ERROR;
				CLANG_WARN_DOCUMENTATION_COMMENTS = YES;
				CLANG_WARN_EMPTY_BODY = YES;
				CLANG_WARN_ENUM_CONVERSION = YES;
				CLANG_WARN_INFINITE_RECURSION = YES;
				CLANG_WARN_INT_CONVERSION = YES;
				CLANG_WARN_NON_LITERAL_NULL_CONVERSION = YES;
				CLANG_WARN_OBJC_IMPLICIT_RETAIN_SELF = YES;
				CLANG_WARN_OBJC_LITERAL_CONVERSION = YES;
				CLANG_WARN_OBJC_ROOT_CLASS = YES_ERROR;
				CLANG_WARN_QUOTED_INCLUDE_IN_FRAMEWORK_HEADER = YES;
				CLANG_WARN_RANGE_LOOP_ANALYSIS = YES;
				CLANG_WARN_STRICT_PROTOTYPES = YES;
				CLANG_WARN_SUSPICIOUS_MOVE = YES;
				CLANG_WARN_UNGUARDED_AVAILABILITY = YES_AGGRESSIVE;
				CLANG_WARN_UNREACHABLE_CODE = YES;
				CLANG_WARN__DUPLICATE_METHOD_MATCH = YES;
				COPY_PHASE_STRIP = NO;
				DEBUG_INFORMATION_FORMAT = dwarf;
				ENABLE_STRICT_OBJC_MSGSEND = YES;
				ENABLE_TESTABILITY = YES;
				ENABLE_USER_SCRIPT_SANDBOXING = YES;
				GCC_C_LANGUAGE_STANDARD = gnu17;
				GCC_DYNAMIC_NO_PIC = NO;
				GCC_NO_COMMON_BLOCKS = YES;
				GCC_OPTIMIZATION_LEVEL = 0;
				GCC_PREPROCESSOR_DEFINITIONS = (
					"DEBUG=1",
					"$(inherited)",
				);
				GCC_WARN_64_TO_32_BIT_CONVERSION = YES;
				GCC_WARN_ABOUT_RETURN_TYPE = YES_ERROR;
				GCC_WARN_UNDECLARED_SELECTOR = YES;
				GCC_WARN_UNINITIALIZED_AUTOS = YES_AGGRESSIVE;
				GCC_WARN_UNUSED_FUNCTION = YES;
				GCC_WARN_UNUSED_VARIABLE = YES;
				IPHONEOS_DEPLOYMENT_TARGET = 17.6;
				LOCALIZATION_PREFERS_STRING_CATALOGS = YES;
				MTL_ENABLE_DEBUG_INFO = INCLUDE_SOURCE;
				MTL_FAST_MATH = YES;
				ONLY_ACTIVE_ARCH = YES;
				SDKROOT = iphoneos;
				SWIFT_ACTIVE_COMPILATION_CONDITIONS = "DEBUG $(inherited)";
				SWIFT_OPTIMIZATION_LEVEL = "-Onone";
			};
			name = Debug;
		};
		BDB0299F2CBCF46400A0EAF6 /* Release */ = {
			isa = XCBuildConfiguration;
			baseConfigurationReference = BD63D8F72CBE09B100CDDC65 /* Config.xcconfig */;
			buildSettings = {
				ALWAYS_SEARCH_USER_PATHS = NO;
				ASSETCATALOG_COMPILER_GENERATE_SWIFT_ASSET_SYMBOL_EXTENSIONS = YES;
				CLANG_ANALYZER_NONNULL = YES;
				CLANG_ANALYZER_NUMBER_OBJECT_CONVERSION = YES_AGGRESSIVE;
				CLANG_CXX_LANGUAGE_STANDARD = "gnu++20";
				CLANG_ENABLE_MODULES = YES;
				CLANG_ENABLE_OBJC_ARC = YES;
				CLANG_ENABLE_OBJC_WEAK = YES;
				CLANG_WARN_BLOCK_CAPTURE_AUTORELEASING = YES;
				CLANG_WARN_BOOL_CONVERSION = YES;
				CLANG_WARN_COMMA = YES;
				CLANG_WARN_CONSTANT_CONVERSION = YES;
				CLANG_WARN_DEPRECATED_OBJC_IMPLEMENTATIONS = YES;
				CLANG_WARN_DIRECT_OBJC_ISA_USAGE = YES_ERROR;
				CLANG_WARN_DOCUMENTATION_COMMENTS = YES;
				CLANG_WARN_EMPTY_BODY = YES;
				CLANG_WARN_ENUM_CONVERSION = YES;
				CLANG_WARN_INFINITE_RECURSION = YES;
				CLANG_WARN_INT_CONVERSION = YES;
				CLANG_WARN_NON_LITERAL_NULL_CONVERSION = YES;
				CLANG_WARN_OBJC_IMPLICIT_RETAIN_SELF = YES;
				CLANG_WARN_OBJC_LITERAL_CONVERSION = YES;
				CLANG_WARN_OBJC_ROOT_CLASS = YES_ERROR;
				CLANG_WARN_QUOTED_INCLUDE_IN_FRAMEWORK_HEADER = YES;
				CLANG_WARN_RANGE_LOOP_ANALYSIS = YES;
				CLANG_WARN_STRICT_PROTOTYPES = YES;
				CLANG_WARN_SUSPICIOUS_MOVE = YES;
				CLANG_WARN_UNGUARDED_AVAILABILITY = YES_AGGRESSIVE;
				CLANG_WARN_UNREACHABLE_CODE = YES;
				CLANG_WARN__DUPLICATE_METHOD_MATCH = YES;
				COPY_PHASE_STRIP = NO;
				DEBUG_INFORMATION_FORMAT = "dwarf-with-dsym";
				ENABLE_NS_ASSERTIONS = NO;
				ENABLE_STRICT_OBJC_MSGSEND = YES;
				ENABLE_USER_SCRIPT_SANDBOXING = YES;
				GCC_C_LANGUAGE_STANDARD = gnu17;
				GCC_NO_COMMON_BLOCKS = YES;
				GCC_WARN_64_TO_32_BIT_CONVERSION = YES;
				GCC_WARN_ABOUT_RETURN_TYPE = YES_ERROR;
				GCC_WARN_UNDECLARED_SELECTOR = YES;
				GCC_WARN_UNINITIALIZED_AUTOS = YES_AGGRESSIVE;
				GCC_WARN_UNUSED_FUNCTION = YES;
				GCC_WARN_UNUSED_VARIABLE = YES;
				IPHONEOS_DEPLOYMENT_TARGET = 17.6;
				LOCALIZATION_PREFERS_STRING_CATALOGS = YES;
				MTL_ENABLE_DEBUG_INFO = NO;
				MTL_FAST_MATH = YES;
				SDKROOT = iphoneos;
				SWIFT_COMPILATION_MODE = wholemodule;
				VALIDATE_PRODUCT = YES;
			};
			name = Release;
		};
		BDB029A12CBCF46400A0EAF6 /* Debug */ = {
			isa = XCBuildConfiguration;
			buildSettings = {
				ASSETCATALOG_COMPILER_APPICON_NAME = AppIcon;
				ASSETCATALOG_COMPILER_GLOBAL_ACCENT_COLOR_NAME = AccentColor;
				CODE_SIGN_STYLE = Automatic;
				CURRENT_PROJECT_VERSION = 1;
				DEVELOPMENT_TEAM = 6R3M7VGRP2;
				ENABLE_PREVIEWS = YES;
				ENABLE_USER_SCRIPT_SANDBOXING = YES;
				GENERATE_INFOPLIST_FILE = YES;
				INFOPLIST_FILE = PetMate/Info.plist;
				INFOPLIST_KEY_UIApplicationSceneManifest_Generation = YES;
				INFOPLIST_KEY_UIApplicationSupportsIndirectInputEvents = YES;
				INFOPLIST_KEY_UILaunchScreen_Generation = YES;
				INFOPLIST_KEY_UISupportedInterfaceOrientations_iPad = "UIInterfaceOrientationPortrait UIInterfaceOrientationPortraitUpsideDown UIInterfaceOrientationLandscapeLeft UIInterfaceOrientationLandscapeRight";
				INFOPLIST_KEY_UISupportedInterfaceOrientations_iPhone = "UIInterfaceOrientationPortrait UIInterfaceOrientationLandscapeLeft UIInterfaceOrientationLandscapeRight";
				IPHONEOS_DEPLOYMENT_TARGET = 17.0;
				LD_RUNPATH_SEARCH_PATHS = (
					"$(inherited)",
					"@executable_path/Frameworks",
				);
				MARKETING_VERSION = 1.0;
				PRODUCT_BUNDLE_IDENTIFIER = techit.PetMate;
				PRODUCT_NAME = "$(TARGET_NAME)";
				SWIFT_EMIT_LOC_STRINGS = YES;
				SWIFT_VERSION = 5.0;
				TARGETED_DEVICE_FAMILY = "1,2";
			};
			name = Debug;
		};
		BDB029A22CBCF46400A0EAF6 /* Release */ = {
			isa = XCBuildConfiguration;
			buildSettings = {
				ASSETCATALOG_COMPILER_APPICON_NAME = AppIcon;
				ASSETCATALOG_COMPILER_GLOBAL_ACCENT_COLOR_NAME = AccentColor;
				CODE_SIGN_STYLE = Automatic;
				CURRENT_PROJECT_VERSION = 1;
				DEVELOPMENT_TEAM = 6R3M7VGRP2;
				ENABLE_PREVIEWS = YES;
				ENABLE_USER_SCRIPT_SANDBOXING = YES;
				GENERATE_INFOPLIST_FILE = YES;
				INFOPLIST_FILE = PetMate/Info.plist;
				INFOPLIST_KEY_UIApplicationSceneManifest_Generation = YES;
				INFOPLIST_KEY_UIApplicationSupportsIndirectInputEvents = YES;
				INFOPLIST_KEY_UILaunchScreen_Generation = YES;
				INFOPLIST_KEY_UISupportedInterfaceOrientations_iPad = "UIInterfaceOrientationPortrait UIInterfaceOrientationPortraitUpsideDown UIInterfaceOrientationLandscapeLeft UIInterfaceOrientationLandscapeRight";
				INFOPLIST_KEY_UISupportedInterfaceOrientations_iPhone = "UIInterfaceOrientationPortrait UIInterfaceOrientationLandscapeLeft UIInterfaceOrientationLandscapeRight";
				IPHONEOS_DEPLOYMENT_TARGET = 17.0;
				LD_RUNPATH_SEARCH_PATHS = (
					"$(inherited)",
					"@executable_path/Frameworks",
				);
				MARKETING_VERSION = 1.0;
				PRODUCT_BUNDLE_IDENTIFIER = techit.PetMate;
				PRODUCT_NAME = "$(TARGET_NAME)";
				SWIFT_EMIT_LOC_STRINGS = YES;
				SWIFT_VERSION = 5.0;
				TARGETED_DEVICE_FAMILY = "1,2";
			};
			name = Release;
		};
/* End XCBuildConfiguration section */

/* Begin XCConfigurationList section */
		BDB0298D2CBCF46100A0EAF6 /* Build configuration list for PBXProject "PetMate" */ = {
			isa = XCConfigurationList;
			buildConfigurations = (
				BDB0299E2CBCF46400A0EAF6 /* Debug */,
				BDB0299F2CBCF46400A0EAF6 /* Release */,
			);
			defaultConfigurationIsVisible = 0;
			defaultConfigurationName = Release;
		};
		BDB029A02CBCF46400A0EAF6 /* Build configuration list for PBXNativeTarget "PetMate" */ = {
			isa = XCConfigurationList;
			buildConfigurations = (
				BDB029A12CBCF46400A0EAF6 /* Debug */,
				BDB029A22CBCF46400A0EAF6 /* Release */,
			);
			defaultConfigurationIsVisible = 0;
			defaultConfigurationName = Release;
		};
/* End XCConfigurationList section */

/* Begin XCLocalSwiftPackageReference section */
		BD3AF2D42CBE1EEC006BA00F /* XCLocalSwiftPackageReference "../KakaoMapsSDK_SPM_master" */ = {
			isa = XCLocalSwiftPackageReference;
			relativePath = ../KakaoMapsSDK_SPM_master;
		};
/* End XCLocalSwiftPackageReference section */

/* Begin XCRemoteSwiftPackageReference section */
		23499B152CBD120F009FD900 /* XCRemoteSwiftPackageReference "GoogleSignIn-iOS" */ = {
			isa = XCRemoteSwiftPackageReference;
			repositoryURL = "https://github.com/google/GoogleSignIn-iOS";
			requirement = {
				kind = upToNextMajorVersion;
				minimumVersion = 8.0.0;
			};
		};
		23499B1A2CBD1239009FD900 /* XCRemoteSwiftPackageReference "kakao-ios-sdk" */ = {
			isa = XCRemoteSwiftPackageReference;
			repositoryURL = "https://github.com/kakao/kakao-ios-sdk";
			requirement = {
				kind = upToNextMajorVersion;
				minimumVersion = 2.22.7;
			};
		};
		238A2EE82CBD0E200058D7CC /* XCRemoteSwiftPackageReference "firebase-ios-sdk" */ = {
			isa = XCRemoteSwiftPackageReference;
			repositoryURL = "https://github.com/firebase/firebase-ios-sdk";
			requirement = {
				kind = upToNextMajorVersion;
				minimumVersion = 11.3.0;
			};
		};
		FBB7BB562CBDFAA200E20E11 /* XCRemoteSwiftPackageReference "geofire-objc" */ = {
			isa = XCRemoteSwiftPackageReference;
			repositoryURL = "https://github.com/firebase/geofire-objc";
			requirement = {
				branch = master;
				kind = branch;
			};
		};
/* End XCRemoteSwiftPackageReference section */

/* Begin XCSwiftPackageProductDependency section */
		23499B162CBD120F009FD900 /* GoogleSignIn */ = {
			isa = XCSwiftPackageProductDependency;
			package = 23499B152CBD120F009FD900 /* XCRemoteSwiftPackageReference "GoogleSignIn-iOS" */;
			productName = GoogleSignIn;
		};
		23499B182CBD120F009FD900 /* GoogleSignInSwift */ = {
			isa = XCSwiftPackageProductDependency;
			package = 23499B152CBD120F009FD900 /* XCRemoteSwiftPackageReference "GoogleSignIn-iOS" */;
			productName = GoogleSignInSwift;
		};
		23499B1B2CBD1239009FD900 /* KakaoSDKAuth */ = {
			isa = XCSwiftPackageProductDependency;
			package = 23499B1A2CBD1239009FD900 /* XCRemoteSwiftPackageReference "kakao-ios-sdk" */;
			productName = KakaoSDKAuth;
		};
		238A2EE92CBD0E200058D7CC /* FirebaseAuth */ = {
			isa = XCSwiftPackageProductDependency;
			package = 238A2EE82CBD0E200058D7CC /* XCRemoteSwiftPackageReference "firebase-ios-sdk" */;
			productName = FirebaseAuth;
		};
		238A2EEB2CBD0E200058D7CC /* FirebaseCore */ = {
			isa = XCSwiftPackageProductDependency;
			package = 238A2EE82CBD0E200058D7CC /* XCRemoteSwiftPackageReference "firebase-ios-sdk" */;
			productName = FirebaseCore;
		};
		238A2EED2CBD0E200058D7CC /* FirebaseFirestore */ = {
			isa = XCSwiftPackageProductDependency;
			package = 238A2EE82CBD0E200058D7CC /* XCRemoteSwiftPackageReference "firebase-ios-sdk" */;
			productName = FirebaseFirestore;
		};
		238A2EEF2CBD0E200058D7CC /* FirebaseStorage */ = {
			isa = XCSwiftPackageProductDependency;
			package = 238A2EE82CBD0E200058D7CC /* XCRemoteSwiftPackageReference "firebase-ios-sdk" */;
			productName = FirebaseStorage;
		};
		BD3AF2D22CBE1DF4006BA00F /* KakaoMapsSDK_SPM */ = {
			isa = XCSwiftPackageProductDependency;
			productName = KakaoMapsSDK_SPM;
		};
		BD3AF2D52CBE1EEC006BA00F /* KakaoMapsSDK_SPM */ = {
			isa = XCSwiftPackageProductDependency;
			productName = KakaoMapsSDK_SPM;
		};
		FBB7BB572CBDFAA200E20E11 /* GeoFire */ = {
			isa = XCSwiftPackageProductDependency;
			package = FBB7BB562CBDFAA200E20E11 /* XCRemoteSwiftPackageReference "geofire-objc" */;
			productName = GeoFire;
		};
		FBB7BB592CBDFAA200E20E11 /* GeoFireUtils */ = {
			isa = XCSwiftPackageProductDependency;
			package = FBB7BB562CBDFAA200E20E11 /* XCRemoteSwiftPackageReference "geofire-objc" */;
			productName = GeoFireUtils;
		};
/* End XCSwiftPackageProductDependency section */
	};
	rootObject = BDB0298A2CBCF46100A0EAF6 /* Project object */;
}
