// !$*UTF8*$!
{
	archiveVersion = 1;
	classes = {
	};
	objectVersion = 77;
	objects = {

/* Begin PBXBuildFile section */
		040D5CEA2CBE631F00549B47 /* districts.json in Resources */ = {isa = PBXBuildFile; fileRef = 040D5CE92CBE631F00549B47 /* districts.json */; };
		040D5CEC2CBE632700549B47 /* MatePostAddOldView.swift in Sources */ = {isa = PBXBuildFile; fileRef = 040D5CEB2CBE632700549B47 /* MatePostAddOldView.swift */; };
		040D5CF02CBE66D600549B47 /* MatePostDetailView.swift in Sources */ = {isa = PBXBuildFile; fileRef = 040D5CEF2CBE66CF00549B47 /* MatePostDetailView.swift */; };
		040D5CF82CBE99E200549B47 /* MatePostListView.swift in Sources */ = {isa = PBXBuildFile; fileRef = 040D5CF72CBE99DD00549B47 /* MatePostListView.swift */; };
		04ABC5112CC5E0D300DF4931 /* AddPostViewModel.swift in Sources */ = {isa = PBXBuildFile; fileRef = 04ABC5102CC5E0CA00DF4931 /* AddPostViewModel.swift */; };
		04ABC5152CC6181800DF4931 /* UserProfileEditView.swift in Sources */ = {isa = PBXBuildFile; fileRef = 04ABC5142CC6181500DF4931 /* UserProfileEditView.swift */; };
		04ABC5192CC62A2000DF4931 /* UserProfileEditViewModel.swift in Sources */ = {isa = PBXBuildFile; fileRef = 04ABC5182CC62A1E00DF4931 /* UserProfileEditViewModel.swift */; };
		233E2C062CC04FAA004712E7 /* HomeView2.swift in Sources */ = {isa = PBXBuildFile; fileRef = 233E2C052CC04FAA004712E7 /* HomeView2.swift */; };
		23499B172CBD120F009FD900 /* GoogleSignIn in Frameworks */ = {isa = PBXBuildFile; productRef = 23499B162CBD120F009FD900 /* GoogleSignIn */; };
		23499B192CBD120F009FD900 /* GoogleSignInSwift in Frameworks */ = {isa = PBXBuildFile; productRef = 23499B182CBD120F009FD900 /* GoogleSignInSwift */; };
		23499B1C2CBD1239009FD900 /* KakaoSDKAuth in Frameworks */ = {isa = PBXBuildFile; productRef = 23499B1B2CBD1239009FD900 /* KakaoSDKAuth */; };
		238A2EEA2CBD0E200058D7CC /* FirebaseAuth in Frameworks */ = {isa = PBXBuildFile; productRef = 238A2EE92CBD0E200058D7CC /* FirebaseAuth */; };
		238A2EEC2CBD0E200058D7CC /* FirebaseCore in Frameworks */ = {isa = PBXBuildFile; productRef = 238A2EEB2CBD0E200058D7CC /* FirebaseCore */; };
		238A2EEE2CBD0E200058D7CC /* FirebaseFirestore in Frameworks */ = {isa = PBXBuildFile; productRef = 238A2EED2CBD0E200058D7CC /* FirebaseFirestore */; };
		238A2EF02CBD0E200058D7CC /* FirebaseStorage in Frameworks */ = {isa = PBXBuildFile; productRef = 238A2EEF2CBD0E200058D7CC /* FirebaseStorage */; };
		252A12972CBED8AD00EDD297 /* CalandarTestView.swift in Sources */ = {isa = PBXBuildFile; fileRef = 252A12942CBED8AC00EDD297 /* CalandarTestView.swift */; };
		252A12982CBED8AD00EDD297 /* CalandarView.swift in Sources */ = {isa = PBXBuildFile; fileRef = 252A12952CBED8AC00EDD297 /* CalandarView.swift */; };
		252A129A2CBED90700EDD297 /* Date+GetElement.swift in Sources */ = {isa = PBXBuildFile; fileRef = 252A12992CBED90700EDD297 /* Date+GetElement.swift */; };
		256A27232CBD047A0031F766 /* ButtonModifier.swift in Sources */ = {isa = PBXBuildFile; fileRef = 256A271F2CBD047A0031F766 /* ButtonModifier.swift */; };
		256A27242CBD047A0031F766 /* ContentView.swift in Sources */ = {isa = PBXBuildFile; fileRef = 256A27202CBD047A0031F766 /* ContentView.swift */; };
		256A27252CBD047A0031F766 /* PetMateApp.swift in Sources */ = {isa = PBXBuildFile; fileRef = 256A27212CBD047A0031F766 /* PetMateApp.swift */; };
		256A27262CBD047A0031F766 /* Assets.xcassets in Resources */ = {isa = PBXBuildFile; fileRef = 256A271E2CBD047A0031F766 /* Assets.xcassets */; };
		256A27312CBD052E0031F766 /* CustomButton.swift in Sources */ = {isa = PBXBuildFile; fileRef = 256A27302CBD05220031F766 /* CustomButton.swift */; };
		256A27332CBD05370031F766 /* Font+Extension.swift in Sources */ = {isa = PBXBuildFile; fileRef = 256A27322CBD05330031F766 /* Font+Extension.swift */; };
		256A27372CBD055D0031F766 /* MateUser.swift in Sources */ = {isa = PBXBuildFile; fileRef = 256A27362CBD055B0031F766 /* MateUser.swift */; };
		256A27442CBE81350031F766 /* HomeView.swift in Sources */ = {isa = PBXBuildFile; fileRef = 256A27432CBE81350031F766 /* HomeView.swift */; };
		256A27462CBEA3280031F766 /* HomeMainBannerView.swift in Sources */ = {isa = PBXBuildFile; fileRef = 256A27452CBEA3280031F766 /* HomeMainBannerView.swift */; };
		256A27482CBEA3A60031F766 /* HomeFindMateView.swift in Sources */ = {isa = PBXBuildFile; fileRef = 256A27472CBEA3A60031F766 /* HomeFindMateView.swift */; };
		256A274A2CBEA3B50031F766 /* HomeFindMateButton.swift in Sources */ = {isa = PBXBuildFile; fileRef = 256A27492CBEA3B50031F766 /* HomeFindMateButton.swift */; };
		256A274C2CBEA5DA0031F766 /* HomeReviewScrollView.swift in Sources */ = {isa = PBXBuildFile; fileRef = 256A274B2CBEA5D90031F766 /* HomeReviewScrollView.swift */; };
		256A274E2CBEA5EF0031F766 /* HomeReviewCardView.swift in Sources */ = {isa = PBXBuildFile; fileRef = 256A274D2CBEA5EF0031F766 /* HomeReviewCardView.swift */; };
		256A27502CBEA8670031F766 /* HomeFindFriendsScrollView.swift in Sources */ = {isa = PBXBuildFile; fileRef = 256A274F2CBEA8670031F766 /* HomeFindFriendsScrollView.swift */; };
		256A27522CBEA8970031F766 /* HomeFindFriendCardView.swift in Sources */ = {isa = PBXBuildFile; fileRef = 256A27512CBEA8970031F766 /* HomeFindFriendCardView.swift */; };
		256A27542CBEA9280031F766 /* HomeMyLocationView.swift in Sources */ = {isa = PBXBuildFile; fileRef = 256A27532CBEA9280031F766 /* HomeMyLocationView.swift */; };
		259DC0FA2CBF833500AB41C1 /* TestStore.swift in Sources */ = {isa = PBXBuildFile; fileRef = 259DC0F92CBF832000AB41C1 /* TestStore.swift */; };
		259DC0FD2CBF8A3600AB41C1 /* MatePostStore.swift in Sources */ = {isa = PBXBuildFile; fileRef = 259DC0FC2CBF8A2F00AB41C1 /* MatePostStore.swift */; };
		259DC0FF2CBF91AC00AB41C1 /* MatePostListCardView.swift in Sources */ = {isa = PBXBuildFile; fileRef = 259DC0FE2CBF91AC00AB41C1 /* MatePostListCardView.swift */; };
		259DC1012CBFAC7E00AB41C1 /* MatePostAddView.swift in Sources */ = {isa = PBXBuildFile; fileRef = 259DC1002CBFAC7E00AB41C1 /* MatePostAddView.swift */; };
		259DC1052CBFE6FA00AB41C1 /* MatePostAddFirstView.swift in Sources */ = {isa = PBXBuildFile; fileRef = 259DC1042CBFE6FA00AB41C1 /* MatePostAddFirstView.swift */; };
		259DC1072CBFE70800AB41C1 /* MatePostAddSecondView.swift in Sources */ = {isa = PBXBuildFile; fileRef = 259DC1062CBFE70800AB41C1 /* MatePostAddSecondView.swift */; };
		259DC1092CBFF4A600AB41C1 /* MatePostAddPetsView.swift in Sources */ = {isa = PBXBuildFile; fileRef = 259DC1082CBFF4A600AB41C1 /* MatePostAddPetsView.swift */; };
		259DC10C2CC0119200AB41C1 /* MatePostAddPetCardView.swift in Sources */ = {isa = PBXBuildFile; fileRef = 259DC10B2CC0119200AB41C1 /* MatePostAddPetCardView.swift */; };
		4B5D53072CBE2DB400FDC77A /* UserProfileView.swift in Sources */ = {isa = PBXBuildFile; fileRef = 4B5D53062CBE2DB400FDC77A /* UserProfileView.swift */; };
		4B5D53092CBE39FB00FDC77A /* ImagePicker.swift in Sources */ = {isa = PBXBuildFile; fileRef = 4B5D53082CBE39FB00FDC77A /* ImagePicker.swift */; };
		4B5D530D2CBE3B8E00FDC77A /* PetProfileView.swift in Sources */ = {isa = PBXBuildFile; fileRef = 4B5D530C2CBE3B8E00FDC77A /* PetProfileView.swift */; };
		4B5D530F2CBE3BAC00FDC77A /* PetProfileEditView.swift in Sources */ = {isa = PBXBuildFile; fileRef = 4B5D530E2CBE3BAC00FDC77A /* PetProfileEditView.swift */; };
		4B5D53812CBE627500FDC77A /* TagUI.swift in Sources */ = {isa = PBXBuildFile; fileRef = 4B5D53802CBE627500FDC77A /* TagUI.swift */; };
		4B6FF8812CBE888C009F4206 /* MyPageTabView.swift in Sources */ = {isa = PBXBuildFile; fileRef = 4B6FF8802CBE888C009F4206 /* MyPageTabView.swift */; };
		BD2C0EF62CC234E0005D34CB /* PetPlaceView.swift in Sources */ = {isa = PBXBuildFile; fileRef = BD2C0EF52CC234E0005D34CB /* PetPlaceView.swift */; };
		BD306E5B2CBEF7C0008BDBEB /* PetPlaceStore.swift in Sources */ = {isa = PBXBuildFile; fileRef = BD306E5A2CBEF7C0008BDBEB /* PetPlaceStore.swift */; };
		BD306E622CBEF841008BDBEB /* AddPlaceView.swift in Sources */ = {isa = PBXBuildFile; fileRef = BD306E612CBEF841008BDBEB /* AddPlaceView.swift */; };
		BD306E642CBEF852008BDBEB /* PetMapView.swift in Sources */ = {isa = PBXBuildFile; fileRef = BD306E632CBEF852008BDBEB /* PetMapView.swift */; };
		BD306E722CBF010B008BDBEB /* AuthManager.swift in Sources */ = {isa = PBXBuildFile; fileRef = BD306E712CBF010B008BDBEB /* AuthManager.swift */; };
		BD306E752CBF0122008BDBEB /* LoginView.swift in Sources */ = {isa = PBXBuildFile; fileRef = BD306E742CBF0122008BDBEB /* LoginView.swift */; };
		BD306E7B2CBF0158008BDBEB /* UserProfileViewModel.swift in Sources */ = {isa = PBXBuildFile; fileRef = BD306E7A2CBF0158008BDBEB /* UserProfileViewModel.swift */; };
		BD306E7D2CBF0180008BDBEB /* HomeTabView.swift in Sources */ = {isa = PBXBuildFile; fileRef = BD306E7C2CBF0180008BDBEB /* HomeTabView.swift */; };
		BD691BD42CBF8A82003A300B /* StoreSearchView.swift in Sources */ = {isa = PBXBuildFile; fileRef = BD691BD32CBF8A81003A300B /* StoreSearchView.swift */; };
		BD691BD62CBF8B4B003A300B /* Store.swift in Sources */ = {isa = PBXBuildFile; fileRef = BD691BD52CBF8B4B003A300B /* Store.swift */; };
		BD691BD82CBF96EB003A300B /* StoreDetailView.swift in Sources */ = {isa = PBXBuildFile; fileRef = BD691BD72CBF96EB003A300B /* StoreDetailView.swift */; };
		BD691BDB2CBFAAE2003A300B /* KakaoAPIClient.swift in Sources */ = {isa = PBXBuildFile; fileRef = BD691BDA2CBFAAE2003A300B /* KakaoAPIClient.swift */; };
		BD691BDD2CBFABA3003A300B /* Bundle+Extension.swift in Sources */ = {isa = PBXBuildFile; fileRef = BD691BDC2CBFABA3003A300B /* Bundle+Extension.swift */; };
		BD691BE02CBFACD4003A300B /* LocationManager.swift in Sources */ = {isa = PBXBuildFile; fileRef = BD691BDF2CBFACD4003A300B /* LocationManager.swift */; };
		BD691BE22CC00CC4003A300B /* PlaceListView.swift in Sources */ = {isa = PBXBuildFile; fileRef = BD691BE12CC00CC4003A300B /* PlaceListView.swift */; };
		BD691BE42CC00CE4003A300B /* PlaceCardView.swift in Sources */ = {isa = PBXBuildFile; fileRef = BD691BE32CC00CE4003A300B /* PlaceCardView.swift */; };
		BD691BE62CC02A1E003A300B /* PlaceDetailView.swift in Sources */ = {isa = PBXBuildFile; fileRef = BD691BE52CC02A1E003A300B /* PlaceDetailView.swift */; };
		BD691BE82CC02F7D003A300B /* PlaceConfirmationView.swift in Sources */ = {isa = PBXBuildFile; fileRef = BD691BE72CC02F7D003A300B /* PlaceConfirmationView.swift */; };
		BD691BEA2CC0324D003A300B /* AddPostView.swift in Sources */ = {isa = PBXBuildFile; fileRef = BD691BE92CC0324D003A300B /* AddPostView.swift */; };
		FB9532262CC2D2CC00AEBD9C /* CGFloat+Extension.swift in Sources */ = {isa = PBXBuildFile; fileRef = FB9532252CC2D2CC00AEBD9C /* CGFloat+Extension.swift */; };
		FB9532282CC2D8DA00AEBD9C /* SearchAddressModal.swift in Sources */ = {isa = PBXBuildFile; fileRef = FB9532272CC2D8DA00AEBD9C /* SearchAddressModal.swift */; };
		FB95322A2CC3812A00AEBD9C /* Districts.swift in Sources */ = {isa = PBXBuildFile; fileRef = FB9532292CC3812A00AEBD9C /* Districts.swift */; };
		FB9532302CC390FB00AEBD9C /* SignUpProfileView.swift in Sources */ = {isa = PBXBuildFile; fileRef = FB95322F2CC390FB00AEBD9C /* SignUpProfileView.swift */; };
		FB9532332CC3A09100AEBD9C /* WelcomeView.swift in Sources */ = {isa = PBXBuildFile; fileRef = FB9532322CC3A09100AEBD9C /* WelcomeView.swift */; };
		FB9532362CC4268400AEBD9C /* randomNonceString.swift in Sources */ = {isa = PBXBuildFile; fileRef = FB9532352CC4268400AEBD9C /* randomNonceString.swift */; };
		FB9532382CC4271700AEBD9C /* sha256.swift in Sources */ = {isa = PBXBuildFile; fileRef = FB9532372CC4271700AEBD9C /* sha256.swift */; };
		FB95323A2CC4430800AEBD9C /* RegisterPetView.swift in Sources */ = {isa = PBXBuildFile; fileRef = FB9532392CC4430800AEBD9C /* RegisterPetView.swift */; };
		FB95323D2CC4CAFE00AEBD9C /* RegisterPetViewModel.swift in Sources */ = {isa = PBXBuildFile; fileRef = FB95323C2CC4CAFE00AEBD9C /* RegisterPetViewModel.swift */; };
		FB954E032CBFDC96007B7BCE /* ResizableTextField.swift in Sources */ = {isa = PBXBuildFile; fileRef = FB954E022CBFDC96007B7BCE /* ResizableTextField.swift */; };
		FBB7BB4F2CBDF81C00E20E11 /* MatePost.swift in Sources */ = {isa = PBXBuildFile; fileRef = FBB7BB4E2CBDF81C00E20E11 /* MatePost.swift */; };
		FBB7BB512CBDF94400E20E11 /* Pet.swift in Sources */ = {isa = PBXBuildFile; fileRef = FBB7BB502CBDF94400E20E11 /* Pet.swift */; };
		FBB7BB532CBDF99D00E20E11 /* Review.swift in Sources */ = {isa = PBXBuildFile; fileRef = FBB7BB522CBDF99D00E20E11 /* Review.swift */; };
		FBB7BB552CBDF9E100E20E11 /* PlacePost.swift in Sources */ = {isa = PBXBuildFile; fileRef = FBB7BB542CBDF9E100E20E11 /* PlacePost.swift */; };
		FBB7BB582CBDFAA200E20E11 /* GeoFire in Frameworks */ = {isa = PBXBuildFile; productRef = FBB7BB572CBDFAA200E20E11 /* GeoFire */; };
		FBB7BB5A2CBDFAA200E20E11 /* GeoFireUtils in Frameworks */ = {isa = PBXBuildFile; productRef = FBB7BB592CBDFAA200E20E11 /* GeoFireUtils */; };
		FBD6BBAE2CBE3A28008BEA30 /* ChatRoom.swift in Sources */ = {isa = PBXBuildFile; fileRef = FBD6BBAD2CBE3A28008BEA30 /* ChatRoom.swift */; };
		FBD6BBB02CBE3A5C008BEA30 /* ChatRoomListView.swift in Sources */ = {isa = PBXBuildFile; fileRef = FBD6BBAF2CBE3A5C008BEA30 /* ChatRoomListView.swift */; };
		FBD6BBB22CBE3A68008BEA30 /* ChatRoomListViewModel.swift in Sources */ = {isa = PBXBuildFile; fileRef = FBD6BBB12CBE3A68008BEA30 /* ChatRoomListViewModel.swift */; };
		FBD6BBB72CBE49EA008BEA30 /* Date+Extension.swift in Sources */ = {isa = PBXBuildFile; fileRef = FBD6BBB62CBE49EA008BEA30 /* Date+Extension.swift */; };
		FBD6BBB92CBE665D008BEA30 /* GoogleService-Info.plist in Resources */ = {isa = PBXBuildFile; fileRef = FBD6BBB82CBE665D008BEA30 /* GoogleService-Info.plist */; };
		FBD6BBBB2CBE764A008BEA30 /* Chat.swift in Sources */ = {isa = PBXBuildFile; fileRef = FBD6BBBA2CBE764A008BEA30 /* Chat.swift */; };
		FBD6BC7F2CBEB516008BEA30 /* ChatDetailView.swift in Sources */ = {isa = PBXBuildFile; fileRef = FBD6BC7E2CBEB516008BEA30 /* ChatDetailView.swift */; };
		FBD6BC812CBEB581008BEA30 /* ChatDetailViewModel.swift in Sources */ = {isa = PBXBuildFile; fileRef = FBD6BC802CBEB581008BEA30 /* ChatDetailViewModel.swift */; };
		FBD6BC8F2CBF8603008BEA30 /* GenerateChatRoomId.swift in Sources */ = {isa = PBXBuildFile; fileRef = FBD6BC8E2CBF8603008BEA30 /* GenerateChatRoomId.swift */; };
		FBD6BCF22CBFD457008BEA30 /* TextFieldModifier.swift in Sources */ = {isa = PBXBuildFile; fileRef = FBD6BCF12CBFD457008BEA30 /* TextFieldModifier.swift */; };
		FBDF13DC2CC520370050F7A9 /* TagModifier.swift in Sources */ = {isa = PBXBuildFile; fileRef = FBDF13DB2CC520370050F7A9 /* TagModifier.swift */; };
		FBDF13DE2CC5466F0050F7A9 /* UploadError.swift in Sources */ = {isa = PBXBuildFile; fileRef = FBDF13DD2CC5466F0050F7A9 /* UploadError.swift */; };
		FBF28B732CC23E7E00040122 /* SignUpAddressView.swift in Sources */ = {isa = PBXBuildFile; fileRef = FBF28B722CC23E7E00040122 /* SignUpAddressView.swift */; };
		FBF4E47E2CC2269900CFA137 /* SignUpContainerView.swift in Sources */ = {isa = PBXBuildFile; fileRef = FBF4E47D2CC2269900CFA137 /* SignUpContainerView.swift */; };
		FBF4E4802CC226A700CFA137 /* SignUpViewModel.swift in Sources */ = {isa = PBXBuildFile; fileRef = FBF4E47F2CC226A700CFA137 /* SignUpViewModel.swift */; };
		FBF4E4822CC2282200CFA137 /* LoginViewModel.swift in Sources */ = {isa = PBXBuildFile; fileRef = FBF4E4812CC2282200CFA137 /* LoginViewModel.swift */; };
		FBF4E4842CC2294E00CFA137 /* LoadState.swift in Sources */ = {isa = PBXBuildFile; fileRef = FBF4E4832CC2294E00CFA137 /* LoadState.swift */; };
/* End PBXBuildFile section */

/* Begin PBXFileReference section */
		040D5CE92CBE631F00549B47 /* districts.json */ = {isa = PBXFileReference; lastKnownFileType = text.json; path = districts.json; sourceTree = "<group>"; };
		040D5CEB2CBE632700549B47 /* MatePostAddOldView.swift */ = {isa = PBXFileReference; lastKnownFileType = sourcecode.swift; path = MatePostAddOldView.swift; sourceTree = "<group>"; };
		040D5CEF2CBE66CF00549B47 /* MatePostDetailView.swift */ = {isa = PBXFileReference; lastKnownFileType = sourcecode.swift; path = MatePostDetailView.swift; sourceTree = "<group>"; };
		040D5CF72CBE99DD00549B47 /* MatePostListView.swift */ = {isa = PBXFileReference; lastKnownFileType = sourcecode.swift; path = MatePostListView.swift; sourceTree = "<group>"; };
		04ABC5102CC5E0CA00DF4931 /* AddPostViewModel.swift */ = {isa = PBXFileReference; lastKnownFileType = sourcecode.swift; path = AddPostViewModel.swift; sourceTree = "<group>"; };
		04ABC5142CC6181500DF4931 /* UserProfileEditView.swift */ = {isa = PBXFileReference; lastKnownFileType = sourcecode.swift; path = UserProfileEditView.swift; sourceTree = "<group>"; };
		04ABC5182CC62A1E00DF4931 /* UserProfileEditViewModel.swift */ = {isa = PBXFileReference; lastKnownFileType = sourcecode.swift; path = UserProfileEditViewModel.swift; sourceTree = "<group>"; };
		233E2C052CC04FAA004712E7 /* HomeView2.swift */ = {isa = PBXFileReference; lastKnownFileType = sourcecode.swift; path = HomeView2.swift; sourceTree = "<group>"; };
		252A12942CBED8AC00EDD297 /* CalandarTestView.swift */ = {isa = PBXFileReference; lastKnownFileType = sourcecode.swift; path = CalandarTestView.swift; sourceTree = "<group>"; };
		252A12952CBED8AC00EDD297 /* CalandarView.swift */ = {isa = PBXFileReference; lastKnownFileType = sourcecode.swift; path = CalandarView.swift; sourceTree = "<group>"; };
		252A12992CBED90700EDD297 /* Date+GetElement.swift */ = {isa = PBXFileReference; lastKnownFileType = sourcecode.swift; path = "Date+GetElement.swift"; sourceTree = "<group>"; };
		256A271E2CBD047A0031F766 /* Assets.xcassets */ = {isa = PBXFileReference; lastKnownFileType = folder.assetcatalog; path = Assets.xcassets; sourceTree = "<group>"; };
		256A271F2CBD047A0031F766 /* ButtonModifier.swift */ = {isa = PBXFileReference; lastKnownFileType = sourcecode.swift; path = ButtonModifier.swift; sourceTree = "<group>"; };
		256A27202CBD047A0031F766 /* ContentView.swift */ = {isa = PBXFileReference; lastKnownFileType = sourcecode.swift; path = ContentView.swift; sourceTree = "<group>"; };
		256A27212CBD047A0031F766 /* PetMateApp.swift */ = {isa = PBXFileReference; lastKnownFileType = sourcecode.swift; path = PetMateApp.swift; sourceTree = "<group>"; };
		256A27302CBD05220031F766 /* CustomButton.swift */ = {isa = PBXFileReference; lastKnownFileType = sourcecode.swift; path = CustomButton.swift; sourceTree = "<group>"; };
		256A27322CBD05330031F766 /* Font+Extension.swift */ = {isa = PBXFileReference; lastKnownFileType = sourcecode.swift; path = "Font+Extension.swift"; sourceTree = "<group>"; };
		256A27362CBD055B0031F766 /* MateUser.swift */ = {isa = PBXFileReference; lastKnownFileType = sourcecode.swift; path = MateUser.swift; sourceTree = "<group>"; };
		256A27432CBE81350031F766 /* HomeView.swift */ = {isa = PBXFileReference; lastKnownFileType = sourcecode.swift; path = HomeView.swift; sourceTree = "<group>"; };
		256A27452CBEA3280031F766 /* HomeMainBannerView.swift */ = {isa = PBXFileReference; lastKnownFileType = sourcecode.swift; path = HomeMainBannerView.swift; sourceTree = "<group>"; };
		256A27472CBEA3A60031F766 /* HomeFindMateView.swift */ = {isa = PBXFileReference; lastKnownFileType = sourcecode.swift; path = HomeFindMateView.swift; sourceTree = "<group>"; };
		256A27492CBEA3B50031F766 /* HomeFindMateButton.swift */ = {isa = PBXFileReference; lastKnownFileType = sourcecode.swift; path = HomeFindMateButton.swift; sourceTree = "<group>"; };
		256A274B2CBEA5D90031F766 /* HomeReviewScrollView.swift */ = {isa = PBXFileReference; lastKnownFileType = sourcecode.swift; path = HomeReviewScrollView.swift; sourceTree = "<group>"; };
		256A274D2CBEA5EF0031F766 /* HomeReviewCardView.swift */ = {isa = PBXFileReference; lastKnownFileType = sourcecode.swift; path = HomeReviewCardView.swift; sourceTree = "<group>"; };
		256A274F2CBEA8670031F766 /* HomeFindFriendsScrollView.swift */ = {isa = PBXFileReference; lastKnownFileType = sourcecode.swift; path = HomeFindFriendsScrollView.swift; sourceTree = "<group>"; };
		256A27512CBEA8970031F766 /* HomeFindFriendCardView.swift */ = {isa = PBXFileReference; lastKnownFileType = sourcecode.swift; path = HomeFindFriendCardView.swift; sourceTree = "<group>"; };
		256A27532CBEA9280031F766 /* HomeMyLocationView.swift */ = {isa = PBXFileReference; lastKnownFileType = sourcecode.swift; path = HomeMyLocationView.swift; sourceTree = "<group>"; };
		259DC0F92CBF832000AB41C1 /* TestStore.swift */ = {isa = PBXFileReference; lastKnownFileType = sourcecode.swift; path = TestStore.swift; sourceTree = "<group>"; };
		259DC0FC2CBF8A2F00AB41C1 /* MatePostStore.swift */ = {isa = PBXFileReference; lastKnownFileType = sourcecode.swift; path = MatePostStore.swift; sourceTree = "<group>"; };
		259DC0FE2CBF91AC00AB41C1 /* MatePostListCardView.swift */ = {isa = PBXFileReference; lastKnownFileType = sourcecode.swift; path = MatePostListCardView.swift; sourceTree = "<group>"; };
		259DC1002CBFAC7E00AB41C1 /* MatePostAddView.swift */ = {isa = PBXFileReference; lastKnownFileType = sourcecode.swift; path = MatePostAddView.swift; sourceTree = "<group>"; };
		259DC1042CBFE6FA00AB41C1 /* MatePostAddFirstView.swift */ = {isa = PBXFileReference; lastKnownFileType = sourcecode.swift; path = MatePostAddFirstView.swift; sourceTree = "<group>"; };
		259DC1062CBFE70800AB41C1 /* MatePostAddSecondView.swift */ = {isa = PBXFileReference; lastKnownFileType = sourcecode.swift; path = MatePostAddSecondView.swift; sourceTree = "<group>"; };
		259DC1082CBFF4A600AB41C1 /* MatePostAddPetsView.swift */ = {isa = PBXFileReference; lastKnownFileType = sourcecode.swift; path = MatePostAddPetsView.swift; sourceTree = "<group>"; };
		259DC10B2CC0119200AB41C1 /* MatePostAddPetCardView.swift */ = {isa = PBXFileReference; lastKnownFileType = sourcecode.swift; path = MatePostAddPetCardView.swift; sourceTree = "<group>"; };
		4B5D53062CBE2DB400FDC77A /* UserProfileView.swift */ = {isa = PBXFileReference; lastKnownFileType = sourcecode.swift; path = UserProfileView.swift; sourceTree = "<group>"; };
		4B5D53082CBE39FB00FDC77A /* ImagePicker.swift */ = {isa = PBXFileReference; lastKnownFileType = sourcecode.swift; path = ImagePicker.swift; sourceTree = "<group>"; };
		4B5D530C2CBE3B8E00FDC77A /* PetProfileView.swift */ = {isa = PBXFileReference; lastKnownFileType = sourcecode.swift; path = PetProfileView.swift; sourceTree = "<group>"; };
		4B5D530E2CBE3BAC00FDC77A /* PetProfileEditView.swift */ = {isa = PBXFileReference; lastKnownFileType = sourcecode.swift; path = PetProfileEditView.swift; sourceTree = "<group>"; };
		4B5D53802CBE627500FDC77A /* TagUI.swift */ = {isa = PBXFileReference; lastKnownFileType = sourcecode.swift; path = TagUI.swift; sourceTree = "<group>"; };
		4B6FF8802CBE888C009F4206 /* MyPageTabView.swift */ = {isa = PBXFileReference; lastKnownFileType = sourcecode.swift; path = MyPageTabView.swift; sourceTree = "<group>"; };
		BD2C0EF52CC234E0005D34CB /* PetPlaceView.swift */ = {isa = PBXFileReference; lastKnownFileType = sourcecode.swift; path = PetPlaceView.swift; sourceTree = "<group>"; };
		BD306E5A2CBEF7C0008BDBEB /* PetPlaceStore.swift */ = {isa = PBXFileReference; lastKnownFileType = sourcecode.swift; path = PetPlaceStore.swift; sourceTree = "<group>"; };
		BD306E612CBEF841008BDBEB /* AddPlaceView.swift */ = {isa = PBXFileReference; lastKnownFileType = sourcecode.swift; path = AddPlaceView.swift; sourceTree = "<group>"; };
		BD306E632CBEF852008BDBEB /* PetMapView.swift */ = {isa = PBXFileReference; lastKnownFileType = sourcecode.swift; path = PetMapView.swift; sourceTree = "<group>"; };
		BD306E712CBF010B008BDBEB /* AuthManager.swift */ = {isa = PBXFileReference; lastKnownFileType = sourcecode.swift; path = AuthManager.swift; sourceTree = "<group>"; };
		BD306E742CBF0122008BDBEB /* LoginView.swift */ = {isa = PBXFileReference; lastKnownFileType = sourcecode.swift; path = LoginView.swift; sourceTree = "<group>"; };
		BD306E7A2CBF0158008BDBEB /* UserProfileViewModel.swift */ = {isa = PBXFileReference; lastKnownFileType = sourcecode.swift; path = UserProfileViewModel.swift; sourceTree = "<group>"; };
		BD306E7C2CBF0180008BDBEB /* HomeTabView.swift */ = {isa = PBXFileReference; lastKnownFileType = sourcecode.swift; path = HomeTabView.swift; sourceTree = "<group>"; };
		BD63D8F72CBE09B100CDDC65 /* Config.xcconfig */ = {isa = PBXFileReference; lastKnownFileType = text.xcconfig; path = Config.xcconfig; sourceTree = "<group>"; };
		BD63D8F82CBE0B2500CDDC65 /* Info.plist */ = {isa = PBXFileReference; lastKnownFileType = text.plist; path = Info.plist; sourceTree = "<group>"; };
		BD691BD32CBF8A81003A300B /* StoreSearchView.swift */ = {isa = PBXFileReference; lastKnownFileType = sourcecode.swift; path = StoreSearchView.swift; sourceTree = "<group>"; };
		BD691BD52CBF8B4B003A300B /* Store.swift */ = {isa = PBXFileReference; lastKnownFileType = sourcecode.swift; path = Store.swift; sourceTree = "<group>"; };
		BD691BD72CBF96EB003A300B /* StoreDetailView.swift */ = {isa = PBXFileReference; lastKnownFileType = sourcecode.swift; path = StoreDetailView.swift; sourceTree = "<group>"; };
		BD691BDA2CBFAAE2003A300B /* KakaoAPIClient.swift */ = {isa = PBXFileReference; lastKnownFileType = sourcecode.swift; path = KakaoAPIClient.swift; sourceTree = "<group>"; };
		BD691BDC2CBFABA3003A300B /* Bundle+Extension.swift */ = {isa = PBXFileReference; lastKnownFileType = sourcecode.swift; path = "Bundle+Extension.swift"; sourceTree = "<group>"; };
		BD691BDF2CBFACD4003A300B /* LocationManager.swift */ = {isa = PBXFileReference; lastKnownFileType = sourcecode.swift; path = LocationManager.swift; sourceTree = "<group>"; };
		BD691BE12CC00CC4003A300B /* PlaceListView.swift */ = {isa = PBXFileReference; lastKnownFileType = sourcecode.swift; path = PlaceListView.swift; sourceTree = "<group>"; };
		BD691BE32CC00CE4003A300B /* PlaceCardView.swift */ = {isa = PBXFileReference; lastKnownFileType = sourcecode.swift; path = PlaceCardView.swift; sourceTree = "<group>"; };
		BD691BE52CC02A1E003A300B /* PlaceDetailView.swift */ = {isa = PBXFileReference; lastKnownFileType = sourcecode.swift; path = PlaceDetailView.swift; sourceTree = "<group>"; };
		BD691BE72CC02F7D003A300B /* PlaceConfirmationView.swift */ = {isa = PBXFileReference; lastKnownFileType = sourcecode.swift; path = PlaceConfirmationView.swift; sourceTree = "<group>"; };
		BD691BE92CC0324D003A300B /* AddPostView.swift */ = {isa = PBXFileReference; lastKnownFileType = sourcecode.swift; path = AddPostView.swift; sourceTree = "<group>"; };
		BDB029922CBCF46200A0EAF6 /* PetMate.app */ = {isa = PBXFileReference; explicitFileType = wrapper.application; includeInIndex = 0; path = PetMate.app; sourceTree = BUILT_PRODUCTS_DIR; };
		FB9532252CC2D2CC00AEBD9C /* CGFloat+Extension.swift */ = {isa = PBXFileReference; lastKnownFileType = sourcecode.swift; path = "CGFloat+Extension.swift"; sourceTree = "<group>"; };
		FB9532272CC2D8DA00AEBD9C /* SearchAddressModal.swift */ = {isa = PBXFileReference; lastKnownFileType = sourcecode.swift; path = SearchAddressModal.swift; sourceTree = "<group>"; };
		FB9532292CC3812A00AEBD9C /* Districts.swift */ = {isa = PBXFileReference; lastKnownFileType = sourcecode.swift; path = Districts.swift; sourceTree = "<group>"; };
		FB95322F2CC390FB00AEBD9C /* SignUpProfileView.swift */ = {isa = PBXFileReference; lastKnownFileType = sourcecode.swift; path = SignUpProfileView.swift; sourceTree = "<group>"; };
		FB9532322CC3A09100AEBD9C /* WelcomeView.swift */ = {isa = PBXFileReference; lastKnownFileType = sourcecode.swift; path = WelcomeView.swift; sourceTree = "<group>"; };
		FB9532342CC420CF00AEBD9C /* PetMate.entitlements */ = {isa = PBXFileReference; lastKnownFileType = text.plist.entitlements; path = PetMate.entitlements; sourceTree = "<group>"; };
		FB9532352CC4268400AEBD9C /* randomNonceString.swift */ = {isa = PBXFileReference; lastKnownFileType = sourcecode.swift; path = randomNonceString.swift; sourceTree = "<group>"; };
		FB9532372CC4271700AEBD9C /* sha256.swift */ = {isa = PBXFileReference; lastKnownFileType = sourcecode.swift; path = sha256.swift; sourceTree = "<group>"; };
		FB9532392CC4430800AEBD9C /* RegisterPetView.swift */ = {isa = PBXFileReference; lastKnownFileType = sourcecode.swift; path = RegisterPetView.swift; sourceTree = "<group>"; };
		FB95323C2CC4CAFE00AEBD9C /* RegisterPetViewModel.swift */ = {isa = PBXFileReference; lastKnownFileType = sourcecode.swift; path = RegisterPetViewModel.swift; sourceTree = "<group>"; };
		FB954E022CBFDC96007B7BCE /* ResizableTextField.swift */ = {isa = PBXFileReference; lastKnownFileType = sourcecode.swift; path = ResizableTextField.swift; sourceTree = "<group>"; };
		FBB7BB4E2CBDF81C00E20E11 /* MatePost.swift */ = {isa = PBXFileReference; lastKnownFileType = sourcecode.swift; path = MatePost.swift; sourceTree = "<group>"; };
		FBB7BB502CBDF94400E20E11 /* Pet.swift */ = {isa = PBXFileReference; lastKnownFileType = sourcecode.swift; path = Pet.swift; sourceTree = "<group>"; };
		FBB7BB522CBDF99D00E20E11 /* Review.swift */ = {isa = PBXFileReference; lastKnownFileType = sourcecode.swift; path = Review.swift; sourceTree = "<group>"; };
		FBB7BB542CBDF9E100E20E11 /* PlacePost.swift */ = {isa = PBXFileReference; lastKnownFileType = sourcecode.swift; path = PlacePost.swift; sourceTree = "<group>"; };
		FBD6BBAD2CBE3A28008BEA30 /* ChatRoom.swift */ = {isa = PBXFileReference; lastKnownFileType = sourcecode.swift; path = ChatRoom.swift; sourceTree = "<group>"; };
		FBD6BBAF2CBE3A5C008BEA30 /* ChatRoomListView.swift */ = {isa = PBXFileReference; lastKnownFileType = sourcecode.swift; path = ChatRoomListView.swift; sourceTree = "<group>"; };
		FBD6BBB12CBE3A68008BEA30 /* ChatRoomListViewModel.swift */ = {isa = PBXFileReference; lastKnownFileType = sourcecode.swift; path = ChatRoomListViewModel.swift; sourceTree = "<group>"; };
		FBD6BBB62CBE49EA008BEA30 /* Date+Extension.swift */ = {isa = PBXFileReference; lastKnownFileType = sourcecode.swift; path = "Date+Extension.swift"; sourceTree = "<group>"; };
		FBD6BBB82CBE665D008BEA30 /* GoogleService-Info.plist */ = {isa = PBXFileReference; lastKnownFileType = text.plist.xml; path = "GoogleService-Info.plist"; sourceTree = "<group>"; };
		FBD6BBBA2CBE764A008BEA30 /* Chat.swift */ = {isa = PBXFileReference; lastKnownFileType = sourcecode.swift; path = Chat.swift; sourceTree = "<group>"; };
		FBD6BC7E2CBEB516008BEA30 /* ChatDetailView.swift */ = {isa = PBXFileReference; lastKnownFileType = sourcecode.swift; path = ChatDetailView.swift; sourceTree = "<group>"; };
		FBD6BC802CBEB581008BEA30 /* ChatDetailViewModel.swift */ = {isa = PBXFileReference; lastKnownFileType = sourcecode.swift; path = ChatDetailViewModel.swift; sourceTree = "<group>"; };
		FBD6BC8E2CBF8603008BEA30 /* GenerateChatRoomId.swift */ = {isa = PBXFileReference; lastKnownFileType = sourcecode.swift; path = GenerateChatRoomId.swift; sourceTree = "<group>"; };
		FBD6BCF12CBFD457008BEA30 /* TextFieldModifier.swift */ = {isa = PBXFileReference; lastKnownFileType = sourcecode.swift; path = TextFieldModifier.swift; sourceTree = "<group>"; };
		FBDF13DB2CC520370050F7A9 /* TagModifier.swift */ = {isa = PBXFileReference; lastKnownFileType = sourcecode.swift; path = TagModifier.swift; sourceTree = "<group>"; };
		FBDF13DD2CC5466F0050F7A9 /* UploadError.swift */ = {isa = PBXFileReference; lastKnownFileType = sourcecode.swift; path = UploadError.swift; sourceTree = "<group>"; };
		FBF28B722CC23E7E00040122 /* SignUpAddressView.swift */ = {isa = PBXFileReference; lastKnownFileType = sourcecode.swift; path = SignUpAddressView.swift; sourceTree = "<group>"; };
		FBF4E47D2CC2269900CFA137 /* SignUpContainerView.swift */ = {isa = PBXFileReference; lastKnownFileType = sourcecode.swift; path = SignUpContainerView.swift; sourceTree = "<group>"; };
		FBF4E47F2CC226A700CFA137 /* SignUpViewModel.swift */ = {isa = PBXFileReference; lastKnownFileType = sourcecode.swift; path = SignUpViewModel.swift; sourceTree = "<group>"; };
		FBF4E4812CC2282200CFA137 /* LoginViewModel.swift */ = {isa = PBXFileReference; lastKnownFileType = sourcecode.swift; path = LoginViewModel.swift; sourceTree = "<group>"; };
		FBF4E4832CC2294E00CFA137 /* LoadState.swift */ = {isa = PBXFileReference; lastKnownFileType = sourcecode.swift; path = LoadState.swift; sourceTree = "<group>"; };
/* End PBXFileReference section */

/* Begin PBXFrameworksBuildPhase section */
		BDB0298F2CBCF46200A0EAF6 /* Frameworks */ = {
			isa = PBXFrameworksBuildPhase;
			buildActionMask = 2147483647;
			files = (
				FBB7BB582CBDFAA200E20E11 /* GeoFire in Frameworks */,
				FBB7BB5A2CBDFAA200E20E11 /* GeoFireUtils in Frameworks */,
				23499B1C2CBD1239009FD900 /* KakaoSDKAuth in Frameworks */,
				23499B172CBD120F009FD900 /* GoogleSignIn in Frameworks */,
				238A2EEC2CBD0E200058D7CC /* FirebaseCore in Frameworks */,
				238A2EF02CBD0E200058D7CC /* FirebaseStorage in Frameworks */,
				23499B192CBD120F009FD900 /* GoogleSignInSwift in Frameworks */,
				238A2EEA2CBD0E200058D7CC /* FirebaseAuth in Frameworks */,
				238A2EEE2CBD0E200058D7CC /* FirebaseFirestore in Frameworks */,
			);
			runOnlyForDeploymentPostprocessing = 0;
		};
/* End PBXFrameworksBuildPhase section */

/* Begin PBXGroup section */
		252A12962CBED8AC00EDD297 /* Calandar */ = {
			isa = PBXGroup;
			children = (
				252A12942CBED8AC00EDD297 /* CalandarTestView.swift */,
				252A12952CBED8AC00EDD297 /* CalandarView.swift */,
			);
			path = Calandar;
			sourceTree = "<group>";
		};
		256A27222CBD047A0031F766 /* PetMate */ = {
			isa = PBXGroup;
			children = (
				FB9532342CC420CF00AEBD9C /* PetMate.entitlements */,
				BD63D8F82CBE0B2500CDDC65 /* Info.plist */,
				256A272F2CBD04FA0031F766 /* App */,
				256A27272CBD04830031F766 /* Model */,
				256A27282CBD04890031F766 /* Store */,
				256A27292CBD048E0031F766 /* View */,
				256A272E2CBD04E10031F766 /* Resource */,
				FBD6BBB82CBE665D008BEA30 /* GoogleService-Info.plist */,
			);
			path = PetMate;
			sourceTree = "<group>";
		};
		256A27272CBD04830031F766 /* Model */ = {
			isa = PBXGroup;
			children = (
				256A27362CBD055B0031F766 /* MateUser.swift */,
				FBB7BB4E2CBDF81C00E20E11 /* MatePost.swift */,
				FBB7BB502CBDF94400E20E11 /* Pet.swift */,
				FBB7BB522CBDF99D00E20E11 /* Review.swift */,
				FBB7BB542CBDF9E100E20E11 /* PlacePost.swift */,
				FBD6BBAD2CBE3A28008BEA30 /* ChatRoom.swift */,
				FBD6BBBA2CBE764A008BEA30 /* Chat.swift */,
				BD691BD52CBF8B4B003A300B /* Store.swift */,
				FB9532292CC3812A00AEBD9C /* Districts.swift */,
			);
			path = Model;
			sourceTree = "<group>";
		};
		256A27282CBD04890031F766 /* Store */ = {
			isa = PBXGroup;
			children = (
				259DC0FC2CBF8A2F00AB41C1 /* MatePostStore.swift */,
				259DC0F92CBF832000AB41C1 /* TestStore.swift */,
				BD306E7A2CBF0158008BDBEB /* UserProfileViewModel.swift */,
				BD306E5A2CBEF7C0008BDBEB /* PetPlaceStore.swift */,
				04ABC5102CC5E0CA00DF4931 /* AddPostViewModel.swift */,
				04ABC5182CC62A1E00DF4931 /* UserProfileEditViewModel.swift */,
			);
			path = Store;
			sourceTree = "<group>";
		};
		256A27292CBD048E0031F766 /* View */ = {
			isa = PBXGroup;
			children = (
				FB9532312CC3A08000AEBD9C /* Welcome */,
				259DC0FB2CBF891800AB41C1 /* MatePostVIew */,
				FBF4E47C2CC2257900CFA137 /* SignUp */,
				BD306E732CBF0117008BDBEB /* Login */,
				BD306E5C2CBEF7CC008BDBEB /* Place */,
				256A27422CBE80FB0031F766 /* HomeView */,
				FBD6BBAC2CBE3A1B008BEA30 /* ChatRoom */,
				252A12962CBED8AC00EDD297 /* Calandar */,
				4B5D53052CBE2D9600FDC77A /* MyPageView */,
				256A27202CBD047A0031F766 /* ContentView.swift */,
				BD306E7C2CBF0180008BDBEB /* HomeTabView.swift */,
				256A272A2CBD04930031F766 /* Common */,
			);
			path = View;
			sourceTree = "<group>";
		};
		256A272A2CBD04930031F766 /* Common */ = {
			isa = PBXGroup;
			children = (
				BD691BDE2CBFACC3003A300B /* Manager */,
				BD691BD92CBFAACB003A300B /* Network */,
				256A272D2CBD04DA0031F766 /* CommonView */,
				256A272C2CBD04A60031F766 /* Modifier */,
				256A272B2CBD049B0031F766 /* Extension */,
				FBD6BC8E2CBF8603008BEA30 /* GenerateChatRoomId.swift */,
				FBF4E4832CC2294E00CFA137 /* LoadState.swift */,
				FB9532352CC4268400AEBD9C /* randomNonceString.swift */,
				FB9532372CC4271700AEBD9C /* sha256.swift */,
				FBDF13DD2CC5466F0050F7A9 /* UploadError.swift */,
			);
			path = Common;
			sourceTree = "<group>";
		};
		256A272B2CBD049B0031F766 /* Extension */ = {
			isa = PBXGroup;
			children = (
				256A27322CBD05330031F766 /* Font+Extension.swift */,
				FBD6BBB62CBE49EA008BEA30 /* Date+Extension.swift */,
				252A12992CBED90700EDD297 /* Date+GetElement.swift */,
				BD691BDC2CBFABA3003A300B /* Bundle+Extension.swift */,
				FB9532252CC2D2CC00AEBD9C /* CGFloat+Extension.swift */,
			);
			path = Extension;
			sourceTree = "<group>";
		};
		256A272C2CBD04A60031F766 /* Modifier */ = {
			isa = PBXGroup;
			children = (
				256A271F2CBD047A0031F766 /* ButtonModifier.swift */,
				FBD6BCF12CBFD457008BEA30 /* TextFieldModifier.swift */,
				FBDF13DB2CC520370050F7A9 /* TagModifier.swift */,
			);
			path = Modifier;
			sourceTree = "<group>";
		};
		256A272D2CBD04DA0031F766 /* CommonView */ = {
			isa = PBXGroup;
			children = (
				256A27302CBD05220031F766 /* CustomButton.swift */,
				FB954E022CBFDC96007B7BCE /* ResizableTextField.swift */,
			);
			path = CommonView;
			sourceTree = "<group>";
		};
		256A272E2CBD04E10031F766 /* Resource */ = {
			isa = PBXGroup;
			children = (
				040D5CE92CBE631F00549B47 /* districts.json */,
				256A271E2CBD047A0031F766 /* Assets.xcassets */,
			);
			path = Resource;
			sourceTree = "<group>";
		};
		256A272F2CBD04FA0031F766 /* App */ = {
			isa = PBXGroup;
			children = (
				BD306E712CBF010B008BDBEB /* AuthManager.swift */,
				256A27212CBD047A0031F766 /* PetMateApp.swift */,
			);
			path = App;
			sourceTree = "<group>";
		};
		256A27422CBE80FB0031F766 /* HomeView */ = {
			isa = PBXGroup;
			children = (
				256A27432CBE81350031F766 /* HomeView.swift */,
				256A27452CBEA3280031F766 /* HomeMainBannerView.swift */,
				256A27472CBEA3A60031F766 /* HomeFindMateView.swift */,
				256A27492CBEA3B50031F766 /* HomeFindMateButton.swift */,
				256A274B2CBEA5D90031F766 /* HomeReviewScrollView.swift */,
				256A274D2CBEA5EF0031F766 /* HomeReviewCardView.swift */,
				256A274F2CBEA8670031F766 /* HomeFindFriendsScrollView.swift */,
				256A27512CBEA8970031F766 /* HomeFindFriendCardView.swift */,
				256A27532CBEA9280031F766 /* HomeMyLocationView.swift */,
				233E2C052CC04FAA004712E7 /* HomeView2.swift */,
			);
			path = HomeView;
			sourceTree = "<group>";
		};
		259DC0FB2CBF891800AB41C1 /* MatePostVIew */ = {
			isa = PBXGroup;
			children = (
				040D5CF72CBE99DD00549B47 /* MatePostListView.swift */,
				259DC0FE2CBF91AC00AB41C1 /* MatePostListCardView.swift */,
				040D5CEF2CBE66CF00549B47 /* MatePostDetailView.swift */,
				040D5CEB2CBE632700549B47 /* MatePostAddOldView.swift */,
				259DC1002CBFAC7E00AB41C1 /* MatePostAddView.swift */,
				259DC1042CBFE6FA00AB41C1 /* MatePostAddFirstView.swift */,
				259DC1062CBFE70800AB41C1 /* MatePostAddSecondView.swift */,
				259DC1082CBFF4A600AB41C1 /* MatePostAddPetsView.swift */,
				259DC10B2CC0119200AB41C1 /* MatePostAddPetCardView.swift */,
			);
			path = MatePostVIew;
			sourceTree = "<group>";
		};
		4B5D53052CBE2D9600FDC77A /* MyPageView */ = {
			isa = PBXGroup;
			children = (
				FB95323B2CC4C6BE00AEBD9C /* RegisterPet */,
				4B5D53842CBE63F700FDC77A /* CommonStruct */,
				4B6FF8802CBE888C009F4206 /* MyPageTabView.swift */,
				4B5D53062CBE2DB400FDC77A /* UserProfileView.swift */,
				4B5D530C2CBE3B8E00FDC77A /* PetProfileView.swift */,
				4B5D530E2CBE3BAC00FDC77A /* PetProfileEditView.swift */,
				04ABC5142CC6181500DF4931 /* UserProfileEditView.swift */,
			);
			path = MyPageView;
			sourceTree = "<group>";
		};
		4B5D53842CBE63F700FDC77A /* CommonStruct */ = {
			isa = PBXGroup;
			children = (
				4B5D53082CBE39FB00FDC77A /* ImagePicker.swift */,
				4B5D53802CBE627500FDC77A /* TagUI.swift */,
			);
			path = CommonStruct;
			sourceTree = "<group>";
		};
		BD306E5C2CBEF7CC008BDBEB /* Place */ = {
			isa = PBXGroup;
			children = (
				BD2C0EF52CC234E0005D34CB /* PetPlaceView.swift */,
				BD306E632CBEF852008BDBEB /* PetMapView.swift */,
				BD691BE12CC00CC4003A300B /* PlaceListView.swift */,
				BD306E612CBEF841008BDBEB /* AddPlaceView.swift */,
				BD691BE32CC00CE4003A300B /* PlaceCardView.swift */,
				BD691BD32CBF8A81003A300B /* StoreSearchView.swift */,
				BD691BE52CC02A1E003A300B /* PlaceDetailView.swift */,
				BD691BE72CC02F7D003A300B /* PlaceConfirmationView.swift */,
				BD691BD72CBF96EB003A300B /* StoreDetailView.swift */,
				BD691BE92CC0324D003A300B /* AddPostView.swift */,
			);
			path = Place;
			sourceTree = "<group>";
		};
		BD306E732CBF0117008BDBEB /* Login */ = {
			isa = PBXGroup;
			children = (
				BD306E742CBF0122008BDBEB /* LoginView.swift */,
				FBF4E4812CC2282200CFA137 /* LoginViewModel.swift */,
			);
			path = Login;
			sourceTree = "<group>";
		};
		BD691BD92CBFAACB003A300B /* Network */ = {
			isa = PBXGroup;
			children = (
				BD691BDA2CBFAAE2003A300B /* KakaoAPIClient.swift */,
			);
			path = Network;
			sourceTree = "<group>";
		};
		BD691BDE2CBFACC3003A300B /* Manager */ = {
			isa = PBXGroup;
			children = (
				BD691BDF2CBFACD4003A300B /* LocationManager.swift */,
			);
			path = Manager;
			sourceTree = "<group>";
		};
		BDB029892CBCF46100A0EAF6 = {
			isa = PBXGroup;
			children = (
				BD63D8F72CBE09B100CDDC65 /* Config.xcconfig */,
				256A27222CBD047A0031F766 /* PetMate */,
				BDB029932CBCF46200A0EAF6 /* Products */,
			);
			sourceTree = "<group>";
		};
		BDB029932CBCF46200A0EAF6 /* Products */ = {
			isa = PBXGroup;
			children = (
				BDB029922CBCF46200A0EAF6 /* PetMate.app */,
			);
			name = Products;
			sourceTree = "<group>";
		};
		FB9532312CC3A08000AEBD9C /* Welcome */ = {
			isa = PBXGroup;
			children = (
				FB9532322CC3A09100AEBD9C /* WelcomeView.swift */,
			);
			path = Welcome;
			sourceTree = "<group>";
		};
		FB95323B2CC4C6BE00AEBD9C /* RegisterPet */ = {
			isa = PBXGroup;
			children = (
				FB9532392CC4430800AEBD9C /* RegisterPetView.swift */,
				FB95323C2CC4CAFE00AEBD9C /* RegisterPetViewModel.swift */,
			);
			path = RegisterPet;
			sourceTree = "<group>";
		};
		FBD6BBAC2CBE3A1B008BEA30 /* ChatRoom */ = {
			isa = PBXGroup;
			children = (
				FBD6BBB12CBE3A68008BEA30 /* ChatRoomListViewModel.swift */,
				FBD6BBAF2CBE3A5C008BEA30 /* ChatRoomListView.swift */,
				FBD6BC802CBEB581008BEA30 /* ChatDetailViewModel.swift */,
				FBD6BC7E2CBEB516008BEA30 /* ChatDetailView.swift */,
			);
			path = ChatRoom;
			sourceTree = "<group>";
		};
		FBF4E47C2CC2257900CFA137 /* SignUp */ = {
			isa = PBXGroup;
			children = (
				FBF4E47F2CC226A700CFA137 /* SignUpViewModel.swift */,
				FBF4E47D2CC2269900CFA137 /* SignUpContainerView.swift */,
				FBF28B722CC23E7E00040122 /* SignUpAddressView.swift */,
				FB95322F2CC390FB00AEBD9C /* SignUpProfileView.swift */,
				FB9532272CC2D8DA00AEBD9C /* SearchAddressModal.swift */,
			);
			path = SignUp;
			sourceTree = "<group>";
		};
/* End PBXGroup section */

/* Begin PBXNativeTarget section */
		BDB029912CBCF46200A0EAF6 /* PetMate */ = {
			isa = PBXNativeTarget;
			buildConfigurationList = BDB029A02CBCF46400A0EAF6 /* Build configuration list for PBXNativeTarget "PetMate" */;
			buildPhases = (
				BDB0298E2CBCF46200A0EAF6 /* Sources */,
				BDB0298F2CBCF46200A0EAF6 /* Frameworks */,
				BDB029902CBCF46200A0EAF6 /* Resources */,
			);
			buildRules = (
			);
			dependencies = (
			);
			name = PetMate;
			packageProductDependencies = (
				238A2EE92CBD0E200058D7CC /* FirebaseAuth */,
				238A2EEB2CBD0E200058D7CC /* FirebaseCore */,
				238A2EED2CBD0E200058D7CC /* FirebaseFirestore */,
				238A2EEF2CBD0E200058D7CC /* FirebaseStorage */,
				23499B162CBD120F009FD900 /* GoogleSignIn */,
				23499B182CBD120F009FD900 /* GoogleSignInSwift */,
				23499B1B2CBD1239009FD900 /* KakaoSDKAuth */,
				FBB7BB572CBDFAA200E20E11 /* GeoFire */,
				FBB7BB592CBDFAA200E20E11 /* GeoFireUtils */,
			);
			productName = PetMate;
			productReference = BDB029922CBCF46200A0EAF6 /* PetMate.app */;
			productType = "com.apple.product-type.application";
		};
/* End PBXNativeTarget section */

/* Begin PBXProject section */
		BDB0298A2CBCF46100A0EAF6 /* Project object */ = {
			isa = PBXProject;
			attributes = {
				BuildIndependentTargetsInParallel = 1;
				LastSwiftUpdateCheck = 1600;
				LastUpgradeCheck = 1600;
				TargetAttributes = {
					BDB029912CBCF46200A0EAF6 = {
						CreatedOnToolsVersion = 16.0;
					};
				};
			};
			buildConfigurationList = BDB0298D2CBCF46100A0EAF6 /* Build configuration list for PBXProject "PetMate" */;
			developmentRegion = en;
			hasScannedForEncodings = 0;
			knownRegions = (
				en,
				Base,
			);
			mainGroup = BDB029892CBCF46100A0EAF6;
			minimizedProjectReferenceProxies = 1;
			packageReferences = (
				238A2EE82CBD0E200058D7CC /* XCRemoteSwiftPackageReference "firebase-ios-sdk" */,
				23499B152CBD120F009FD900 /* XCRemoteSwiftPackageReference "GoogleSignIn-iOS" */,
				23499B1A2CBD1239009FD900 /* XCRemoteSwiftPackageReference "kakao-ios-sdk" */,
				FBB7BB562CBDFAA200E20E11 /* XCRemoteSwiftPackageReference "geofire-objc" */,
			);
			preferredProjectObjectVersion = 77;
			productRefGroup = BDB029932CBCF46200A0EAF6 /* Products */;
			projectDirPath = "";
			projectRoot = "";
			targets = (
				BDB029912CBCF46200A0EAF6 /* PetMate */,
			);
		};
/* End PBXProject section */

/* Begin PBXResourcesBuildPhase section */
		BDB029902CBCF46200A0EAF6 /* Resources */ = {
			isa = PBXResourcesBuildPhase;
			buildActionMask = 2147483647;
			files = (
				256A27262CBD047A0031F766 /* Assets.xcassets in Resources */,
				FBD6BBB92CBE665D008BEA30 /* GoogleService-Info.plist in Resources */,
				040D5CEA2CBE631F00549B47 /* districts.json in Resources */,
			);
			runOnlyForDeploymentPostprocessing = 0;
		};
/* End PBXResourcesBuildPhase section */

/* Begin PBXSourcesBuildPhase section */
		BDB0298E2CBCF46200A0EAF6 /* Sources */ = {
			isa = PBXSourcesBuildPhase;
			buildActionMask = 2147483647;
			files = (
				FB9532262CC2D2CC00AEBD9C /* CGFloat+Extension.swift in Sources */,
				4B5D53812CBE627500FDC77A /* TagUI.swift in Sources */,
				04ABC5152CC6181800DF4931 /* UserProfileEditView.swift in Sources */,
				BD306E5B2CBEF7C0008BDBEB /* PetPlaceStore.swift in Sources */,
				040D5CF82CBE99E200549B47 /* MatePostListView.swift in Sources */,
				FB9532282CC2D8DA00AEBD9C /* SearchAddressModal.swift in Sources */,
				256A27312CBD052E0031F766 /* CustomButton.swift in Sources */,
				256A27522CBEA8970031F766 /* HomeFindFriendCardView.swift in Sources */,
				256A27232CBD047A0031F766 /* ButtonModifier.swift in Sources */,
				FBD6BBBB2CBE764A008BEA30 /* Chat.swift in Sources */,
				FB95323A2CC4430800AEBD9C /* RegisterPetView.swift in Sources */,
				FB9532382CC4271700AEBD9C /* sha256.swift in Sources */,
				259DC0FF2CBF91AC00AB41C1 /* MatePostListCardView.swift in Sources */,
				FBD6BC812CBEB581008BEA30 /* ChatDetailViewModel.swift in Sources */,
				259DC0FA2CBF833500AB41C1 /* TestStore.swift in Sources */,
				BD691BE22CC00CC4003A300B /* PlaceListView.swift in Sources */,
				256A27242CBD047A0031F766 /* ContentView.swift in Sources */,
				4B5D53092CBE39FB00FDC77A /* ImagePicker.swift in Sources */,
				040D5CF02CBE66D600549B47 /* MatePostDetailView.swift in Sources */,
				259DC1092CBFF4A600AB41C1 /* MatePostAddPetsView.swift in Sources */,
				FBB7BB552CBDF9E100E20E11 /* PlacePost.swift in Sources */,
				BD691BE82CC02F7D003A300B /* PlaceConfirmationView.swift in Sources */,
				FBB7BB512CBDF94400E20E11 /* Pet.swift in Sources */,
				FB95322A2CC3812A00AEBD9C /* Districts.swift in Sources */,
				259DC1072CBFE70800AB41C1 /* MatePostAddSecondView.swift in Sources */,
				FB9532332CC3A09100AEBD9C /* WelcomeView.swift in Sources */,
				252A12972CBED8AD00EDD297 /* CalandarTestView.swift in Sources */,
				BD306E642CBEF852008BDBEB /* PetMapView.swift in Sources */,
				BD306E622CBEF841008BDBEB /* AddPlaceView.swift in Sources */,
				BD691BDD2CBFABA3003A300B /* Bundle+Extension.swift in Sources */,
				FBF4E4822CC2282200CFA137 /* LoginViewModel.swift in Sources */,
				FBF4E4802CC226A700CFA137 /* SignUpViewModel.swift in Sources */,
				BD691BD82CBF96EB003A300B /* StoreDetailView.swift in Sources */,
				252A12982CBED8AD00EDD297 /* CalandarView.swift in Sources */,
				BD306E7D2CBF0180008BDBEB /* HomeTabView.swift in Sources */,
				FBD6BBB72CBE49EA008BEA30 /* Date+Extension.swift in Sources */,
				BD691BD62CBF8B4B003A300B /* Store.swift in Sources */,
				252A129A2CBED90700EDD297 /* Date+GetElement.swift in Sources */,
				4B5D53072CBE2DB400FDC77A /* UserProfileView.swift in Sources */,
				BD691BE62CC02A1E003A300B /* PlaceDetailView.swift in Sources */,
				256A27332CBD05370031F766 /* Font+Extension.swift in Sources */,
				259DC1052CBFE6FA00AB41C1 /* MatePostAddFirstView.swift in Sources */,
				FBD6BC7F2CBEB516008BEA30 /* ChatDetailView.swift in Sources */,
				BD691BE02CBFACD4003A300B /* LocationManager.swift in Sources */,
				FB9532302CC390FB00AEBD9C /* SignUpProfileView.swift in Sources */,
				BD306E7B2CBF0158008BDBEB /* UserProfileViewModel.swift in Sources */,
				FBD6BBB22CBE3A68008BEA30 /* ChatRoomListViewModel.swift in Sources */,
				FBB7BB532CBDF99D00E20E11 /* Review.swift in Sources */,
				FB9532362CC4268400AEBD9C /* randomNonceString.swift in Sources */,
				256A27462CBEA3280031F766 /* HomeMainBannerView.swift in Sources */,
				256A27502CBEA8670031F766 /* HomeFindFriendsScrollView.swift in Sources */,
				FB95323D2CC4CAFE00AEBD9C /* RegisterPetViewModel.swift in Sources */,
				256A274E2CBEA5EF0031F766 /* HomeReviewCardView.swift in Sources */,
				FBD6BBB02CBE3A5C008BEA30 /* ChatRoomListView.swift in Sources */,
				256A27252CBD047A0031F766 /* PetMateApp.swift in Sources */,
				256A27542CBEA9280031F766 /* HomeMyLocationView.swift in Sources */,
				FBDF13DC2CC520370050F7A9 /* TagModifier.swift in Sources */,
				256A27482CBEA3A60031F766 /* HomeFindMateView.swift in Sources */,
				FB954E032CBFDC96007B7BCE /* ResizableTextField.swift in Sources */,
				BD691BEA2CC0324D003A300B /* AddPostView.swift in Sources */,
				FBD6BBAE2CBE3A28008BEA30 /* ChatRoom.swift in Sources */,
				BD691BD42CBF8A82003A300B /* StoreSearchView.swift in Sources */,
				256A274A2CBEA3B50031F766 /* HomeFindMateButton.swift in Sources */,
				233E2C062CC04FAA004712E7 /* HomeView2.swift in Sources */,
				259DC10C2CC0119200AB41C1 /* MatePostAddPetCardView.swift in Sources */,
				040D5CEC2CBE632700549B47 /* MatePostAddOldView.swift in Sources */,
				FBF4E47E2CC2269900CFA137 /* SignUpContainerView.swift in Sources */,
				04ABC5192CC62A2000DF4931 /* UserProfileEditViewModel.swift in Sources */,
				256A274C2CBEA5DA0031F766 /* HomeReviewScrollView.swift in Sources */,
				FBF4E4842CC2294E00CFA137 /* LoadState.swift in Sources */,
				FBB7BB4F2CBDF81C00E20E11 /* MatePost.swift in Sources */,
				256A27372CBD055D0031F766 /* MateUser.swift in Sources */,
				BD691BE42CC00CE4003A300B /* PlaceCardView.swift in Sources */,
				FBDF13DE2CC5466F0050F7A9 /* UploadError.swift in Sources */,
				BD306E722CBF010B008BDBEB /* AuthManager.swift in Sources */,
				259DC1012CBFAC7E00AB41C1 /* MatePostAddView.swift in Sources */,
				259DC0FD2CBF8A3600AB41C1 /* MatePostStore.swift in Sources */,
				4B5D530F2CBE3BAC00FDC77A /* PetProfileEditView.swift in Sources */,
				4B5D530D2CBE3B8E00FDC77A /* PetProfileView.swift in Sources */,
				BD306E752CBF0122008BDBEB /* LoginView.swift in Sources */,
				BD2C0EF62CC234E0005D34CB /* PetPlaceView.swift in Sources */,
				FBD6BCF22CBFD457008BEA30 /* TextFieldModifier.swift in Sources */,
				4B6FF8812CBE888C009F4206 /* MyPageTabView.swift in Sources */,
				FBF28B732CC23E7E00040122 /* SignUpAddressView.swift in Sources */,
				04ABC5112CC5E0D300DF4931 /* AddPostViewModel.swift in Sources */,
				256A27442CBE81350031F766 /* HomeView.swift in Sources */,
				FBD6BC8F2CBF8603008BEA30 /* GenerateChatRoomId.swift in Sources */,
				BD691BDB2CBFAAE2003A300B /* KakaoAPIClient.swift in Sources */,
			);
			runOnlyForDeploymentPostprocessing = 0;
		};
/* End PBXSourcesBuildPhase section */

/* Begin XCBuildConfiguration section */
		BDB0299E2CBCF46400A0EAF6 /* Debug */ = {
			isa = XCBuildConfiguration;
			baseConfigurationReference = BD63D8F72CBE09B100CDDC65 /* Config.xcconfig */;
			buildSettings = {
				ALWAYS_SEARCH_USER_PATHS = NO;
				ASSETCATALOG_COMPILER_GENERATE_SWIFT_ASSET_SYMBOL_EXTENSIONS = YES;
				CLANG_ANALYZER_NONNULL = YES;
				CLANG_ANALYZER_NUMBER_OBJECT_CONVERSION = YES_AGGRESSIVE;
				CLANG_CXX_LANGUAGE_STANDARD = "gnu++20";
				CLANG_ENABLE_MODULES = YES;
				CLANG_ENABLE_OBJC_ARC = YES;
				CLANG_ENABLE_OBJC_WEAK = YES;
				CLANG_WARN_BLOCK_CAPTURE_AUTORELEASING = YES;
				CLANG_WARN_BOOL_CONVERSION = YES;
				CLANG_WARN_COMMA = YES;
				CLANG_WARN_CONSTANT_CONVERSION = YES;
				CLANG_WARN_DEPRECATED_OBJC_IMPLEMENTATIONS = YES;
				CLANG_WARN_DIRECT_OBJC_ISA_USAGE = YES_ERROR;
				CLANG_WARN_DOCUMENTATION_COMMENTS = YES;
				CLANG_WARN_EMPTY_BODY = YES;
				CLANG_WARN_ENUM_CONVERSION = YES;
				CLANG_WARN_INFINITE_RECURSION = YES;
				CLANG_WARN_INT_CONVERSION = YES;
				CLANG_WARN_NON_LITERAL_NULL_CONVERSION = YES;
				CLANG_WARN_OBJC_IMPLICIT_RETAIN_SELF = YES;
				CLANG_WARN_OBJC_LITERAL_CONVERSION = YES;
				CLANG_WARN_OBJC_ROOT_CLASS = YES_ERROR;
				CLANG_WARN_QUOTED_INCLUDE_IN_FRAMEWORK_HEADER = YES;
				CLANG_WARN_RANGE_LOOP_ANALYSIS = YES;
				CLANG_WARN_STRICT_PROTOTYPES = YES;
				CLANG_WARN_SUSPICIOUS_MOVE = YES;
				CLANG_WARN_UNGUARDED_AVAILABILITY = YES_AGGRESSIVE;
				CLANG_WARN_UNREACHABLE_CODE = YES;
				CLANG_WARN__DUPLICATE_METHOD_MATCH = YES;
				COPY_PHASE_STRIP = NO;
				DEBUG_INFORMATION_FORMAT = dwarf;
				ENABLE_STRICT_OBJC_MSGSEND = YES;
				ENABLE_TESTABILITY = YES;
				ENABLE_USER_SCRIPT_SANDBOXING = YES;
				GCC_C_LANGUAGE_STANDARD = gnu17;
				GCC_DYNAMIC_NO_PIC = NO;
				GCC_NO_COMMON_BLOCKS = YES;
				GCC_OPTIMIZATION_LEVEL = 0;
				GCC_PREPROCESSOR_DEFINITIONS = (
					"DEBUG=1",
					"$(inherited)",
				);
				GCC_WARN_64_TO_32_BIT_CONVERSION = YES;
				GCC_WARN_ABOUT_RETURN_TYPE = YES_ERROR;
				GCC_WARN_UNDECLARED_SELECTOR = YES;
				GCC_WARN_UNINITIALIZED_AUTOS = YES_AGGRESSIVE;
				GCC_WARN_UNUSED_FUNCTION = YES;
				GCC_WARN_UNUSED_VARIABLE = YES;
				IPHONEOS_DEPLOYMENT_TARGET = 17.6;
				LOCALIZATION_PREFERS_STRING_CATALOGS = YES;
				MTL_ENABLE_DEBUG_INFO = INCLUDE_SOURCE;
				MTL_FAST_MATH = YES;
				ONLY_ACTIVE_ARCH = YES;
				SDKROOT = iphoneos;
				SWIFT_ACTIVE_COMPILATION_CONDITIONS = "DEBUG $(inherited)";
				SWIFT_OPTIMIZATION_LEVEL = "-Onone";
			};
			name = Debug;
		};
		BDB0299F2CBCF46400A0EAF6 /* Release */ = {
			isa = XCBuildConfiguration;
			baseConfigurationReference = BD63D8F72CBE09B100CDDC65 /* Config.xcconfig */;
			buildSettings = {
				ALWAYS_SEARCH_USER_PATHS = NO;
				ASSETCATALOG_COMPILER_GENERATE_SWIFT_ASSET_SYMBOL_EXTENSIONS = YES;
				CLANG_ANALYZER_NONNULL = YES;
				CLANG_ANALYZER_NUMBER_OBJECT_CONVERSION = YES_AGGRESSIVE;
				CLANG_CXX_LANGUAGE_STANDARD = "gnu++20";
				CLANG_ENABLE_MODULES = YES;
				CLANG_ENABLE_OBJC_ARC = YES;
				CLANG_ENABLE_OBJC_WEAK = YES;
				CLANG_WARN_BLOCK_CAPTURE_AUTORELEASING = YES;
				CLANG_WARN_BOOL_CONVERSION = YES;
				CLANG_WARN_COMMA = YES;
				CLANG_WARN_CONSTANT_CONVERSION = YES;
				CLANG_WARN_DEPRECATED_OBJC_IMPLEMENTATIONS = YES;
				CLANG_WARN_DIRECT_OBJC_ISA_USAGE = YES_ERROR;
				CLANG_WARN_DOCUMENTATION_COMMENTS = YES;
				CLANG_WARN_EMPTY_BODY = YES;
				CLANG_WARN_ENUM_CONVERSION = YES;
				CLANG_WARN_INFINITE_RECURSION = YES;
				CLANG_WARN_INT_CONVERSION = YES;
				CLANG_WARN_NON_LITERAL_NULL_CONVERSION = YES;
				CLANG_WARN_OBJC_IMPLICIT_RETAIN_SELF = YES;
				CLANG_WARN_OBJC_LITERAL_CONVERSION = YES;
				CLANG_WARN_OBJC_ROOT_CLASS = YES_ERROR;
				CLANG_WARN_QUOTED_INCLUDE_IN_FRAMEWORK_HEADER = YES;
				CLANG_WARN_RANGE_LOOP_ANALYSIS = YES;
				CLANG_WARN_STRICT_PROTOTYPES = YES;
				CLANG_WARN_SUSPICIOUS_MOVE = YES;
				CLANG_WARN_UNGUARDED_AVAILABILITY = YES_AGGRESSIVE;
				CLANG_WARN_UNREACHABLE_CODE = YES;
				CLANG_WARN__DUPLICATE_METHOD_MATCH = YES;
				COPY_PHASE_STRIP = NO;
				DEBUG_INFORMATION_FORMAT = "dwarf-with-dsym";
				ENABLE_NS_ASSERTIONS = NO;
				ENABLE_STRICT_OBJC_MSGSEND = YES;
				ENABLE_USER_SCRIPT_SANDBOXING = YES;
				GCC_C_LANGUAGE_STANDARD = gnu17;
				GCC_NO_COMMON_BLOCKS = YES;
				GCC_WARN_64_TO_32_BIT_CONVERSION = YES;
				GCC_WARN_ABOUT_RETURN_TYPE = YES_ERROR;
				GCC_WARN_UNDECLARED_SELECTOR = YES;
				GCC_WARN_UNINITIALIZED_AUTOS = YES_AGGRESSIVE;
				GCC_WARN_UNUSED_FUNCTION = YES;
				GCC_WARN_UNUSED_VARIABLE = YES;
				IPHONEOS_DEPLOYMENT_TARGET = 17.6;
				LOCALIZATION_PREFERS_STRING_CATALOGS = YES;
				MTL_ENABLE_DEBUG_INFO = NO;
				MTL_FAST_MATH = YES;
				SDKROOT = iphoneos;
				SWIFT_COMPILATION_MODE = wholemodule;
				VALIDATE_PRODUCT = YES;
			};
			name = Release;
		};
		BDB029A12CBCF46400A0EAF6 /* Debug */ = {
			isa = XCBuildConfiguration;
			buildSettings = {
				ASSETCATALOG_COMPILER_APPICON_NAME = AppIcon;
				ASSETCATALOG_COMPILER_GLOBAL_ACCENT_COLOR_NAME = AccentColor;
				CODE_SIGN_ENTITLEMENTS = PetMate/PetMate.entitlements;
				CODE_SIGN_STYLE = Automatic;
				CURRENT_PROJECT_VERSION = 1;
				DEVELOPMENT_TEAM = 6R3M7VGRP2;
				ENABLE_PREVIEWS = YES;
				ENABLE_USER_SCRIPT_SANDBOXING = YES;
				GENERATE_INFOPLIST_FILE = YES;
				INFOPLIST_FILE = PetMate/Info.plist;
				INFOPLIST_KEY_NSCameraUsageDescription = "이 앱은 프로필 사진 촬영을 위해 카메라에 접근합니다.";
				INFOPLIST_KEY_NSLocationWhenInUseUsageDescription = "이 앱은 주변 서비스 검색을 위해 위치 정보에 접근합니다.";
				INFOPLIST_KEY_UIApplicationSupportsIndirectInputEvents = YES;
				INFOPLIST_KEY_UISupportedInterfaceOrientations_iPad = "UIInterfaceOrientationPortrait UIInterfaceOrientationPortraitUpsideDown UIInterfaceOrientationLandscapeLeft UIInterfaceOrientationLandscapeRight";
				INFOPLIST_KEY_UISupportedInterfaceOrientations_iPhone = "UIInterfaceOrientationPortrait UIInterfaceOrientationLandscapeLeft UIInterfaceOrientationLandscapeRight";
				IPHONEOS_DEPLOYMENT_TARGET = 17.0;
				LD_RUNPATH_SEARCH_PATHS = (
					"$(inherited)",
					"@executable_path/Frameworks",
				);
				MARKETING_VERSION = 1.0;
				PRODUCT_BUNDLE_IDENTIFIER = techit.PetMate;
				PRODUCT_NAME = "$(TARGET_NAME)";
				SWIFT_EMIT_LOC_STRINGS = YES;
				SWIFT_VERSION = 5.0;
				TARGETED_DEVICE_FAMILY = "1,2";
			};
			name = Debug;
		};
		BDB029A22CBCF46400A0EAF6 /* Release */ = {
			isa = XCBuildConfiguration;
			buildSettings = {
				ASSETCATALOG_COMPILER_APPICON_NAME = AppIcon;
				ASSETCATALOG_COMPILER_GLOBAL_ACCENT_COLOR_NAME = AccentColor;
				CODE_SIGN_ENTITLEMENTS = PetMate/PetMate.entitlements;
				CODE_SIGN_STYLE = Automatic;
				CURRENT_PROJECT_VERSION = 1;
				DEVELOPMENT_TEAM = 6R3M7VGRP2;
				ENABLE_PREVIEWS = YES;
				ENABLE_USER_SCRIPT_SANDBOXING = YES;
				GENERATE_INFOPLIST_FILE = YES;
				INFOPLIST_FILE = PetMate/Info.plist;
				INFOPLIST_KEY_NSCameraUsageDescription = "이 앱은 프로필 사진 촬영을 위해 카메라에 접근합니다.";
				INFOPLIST_KEY_NSLocationWhenInUseUsageDescription = "이 앱은 주변 서비스 검색을 위해 위치 정보에 접근합니다.";
				INFOPLIST_KEY_UIApplicationSupportsIndirectInputEvents = YES;
				INFOPLIST_KEY_UISupportedInterfaceOrientations_iPad = "UIInterfaceOrientationPortrait UIInterfaceOrientationPortraitUpsideDown UIInterfaceOrientationLandscapeLeft UIInterfaceOrientationLandscapeRight";
				INFOPLIST_KEY_UISupportedInterfaceOrientations_iPhone = "UIInterfaceOrientationPortrait UIInterfaceOrientationLandscapeLeft UIInterfaceOrientationLandscapeRight";
				IPHONEOS_DEPLOYMENT_TARGET = 17.0;
				LD_RUNPATH_SEARCH_PATHS = (
					"$(inherited)",
					"@executable_path/Frameworks",
				);
				MARKETING_VERSION = 1.0;
				PRODUCT_BUNDLE_IDENTIFIER = techit.PetMate;
				PRODUCT_NAME = "$(TARGET_NAME)";
				SWIFT_EMIT_LOC_STRINGS = YES;
				SWIFT_VERSION = 5.0;
				TARGETED_DEVICE_FAMILY = "1,2";
			};
			name = Release;
		};
/* End XCBuildConfiguration section */

/* Begin XCConfigurationList section */
		BDB0298D2CBCF46100A0EAF6 /* Build configuration list for PBXProject "PetMate" */ = {
			isa = XCConfigurationList;
			buildConfigurations = (
				BDB0299E2CBCF46400A0EAF6 /* Debug */,
				BDB0299F2CBCF46400A0EAF6 /* Release */,
			);
			defaultConfigurationIsVisible = 0;
			defaultConfigurationName = Release;
		};
		BDB029A02CBCF46400A0EAF6 /* Build configuration list for PBXNativeTarget "PetMate" */ = {
			isa = XCConfigurationList;
			buildConfigurations = (
				BDB029A12CBCF46400A0EAF6 /* Debug */,
				BDB029A22CBCF46400A0EAF6 /* Release */,
			);
			defaultConfigurationIsVisible = 0;
			defaultConfigurationName = Release;
		};
/* End XCConfigurationList section */

/* Begin XCRemoteSwiftPackageReference section */
		23499B152CBD120F009FD900 /* XCRemoteSwiftPackageReference "GoogleSignIn-iOS" */ = {
			isa = XCRemoteSwiftPackageReference;
			repositoryURL = "https://github.com/google/GoogleSignIn-iOS";
			requirement = {
				kind = upToNextMajorVersion;
				minimumVersion = 8.0.0;
			};
		};
		23499B1A2CBD1239009FD900 /* XCRemoteSwiftPackageReference "kakao-ios-sdk" */ = {
			isa = XCRemoteSwiftPackageReference;
			repositoryURL = "https://github.com/kakao/kakao-ios-sdk";
			requirement = {
				kind = upToNextMajorVersion;
				minimumVersion = 2.22.7;
			};
		};
		238A2EE82CBD0E200058D7CC /* XCRemoteSwiftPackageReference "firebase-ios-sdk" */ = {
			isa = XCRemoteSwiftPackageReference;
			repositoryURL = "https://github.com/firebase/firebase-ios-sdk";
			requirement = {
				kind = upToNextMajorVersion;
				minimumVersion = 11.3.0;
			};
		};
		FBB7BB562CBDFAA200E20E11 /* XCRemoteSwiftPackageReference "geofire-objc" */ = {
			isa = XCRemoteSwiftPackageReference;
			repositoryURL = "https://github.com/firebase/geofire-objc";
			requirement = {
				branch = master;
				kind = branch;
			};
		};
/* End XCRemoteSwiftPackageReference section */

/* Begin XCSwiftPackageProductDependency section */
		23499B162CBD120F009FD900 /* GoogleSignIn */ = {
			isa = XCSwiftPackageProductDependency;
			package = 23499B152CBD120F009FD900 /* XCRemoteSwiftPackageReference "GoogleSignIn-iOS" */;
			productName = GoogleSignIn;
		};
		23499B182CBD120F009FD900 /* GoogleSignInSwift */ = {
			isa = XCSwiftPackageProductDependency;
			package = 23499B152CBD120F009FD900 /* XCRemoteSwiftPackageReference "GoogleSignIn-iOS" */;
			productName = GoogleSignInSwift;
		};
		23499B1B2CBD1239009FD900 /* KakaoSDKAuth */ = {
			isa = XCSwiftPackageProductDependency;
			package = 23499B1A2CBD1239009FD900 /* XCRemoteSwiftPackageReference "kakao-ios-sdk" */;
			productName = KakaoSDKAuth;
		};
		238A2EE92CBD0E200058D7CC /* FirebaseAuth */ = {
			isa = XCSwiftPackageProductDependency;
			package = 238A2EE82CBD0E200058D7CC /* XCRemoteSwiftPackageReference "firebase-ios-sdk" */;
			productName = FirebaseAuth;
		};
		238A2EEB2CBD0E200058D7CC /* FirebaseCore */ = {
			isa = XCSwiftPackageProductDependency;
			package = 238A2EE82CBD0E200058D7CC /* XCRemoteSwiftPackageReference "firebase-ios-sdk" */;
			productName = FirebaseCore;
		};
		238A2EED2CBD0E200058D7CC /* FirebaseFirestore */ = {
			isa = XCSwiftPackageProductDependency;
			package = 238A2EE82CBD0E200058D7CC /* XCRemoteSwiftPackageReference "firebase-ios-sdk" */;
			productName = FirebaseFirestore;
		};
		238A2EEF2CBD0E200058D7CC /* FirebaseStorage */ = {
			isa = XCSwiftPackageProductDependency;
			package = 238A2EE82CBD0E200058D7CC /* XCRemoteSwiftPackageReference "firebase-ios-sdk" */;
			productName = FirebaseStorage;
		};
		FBB7BB572CBDFAA200E20E11 /* GeoFire */ = {
			isa = XCSwiftPackageProductDependency;
			package = FBB7BB562CBDFAA200E20E11 /* XCRemoteSwiftPackageReference "geofire-objc" */;
			productName = GeoFire;
		};
		FBB7BB592CBDFAA200E20E11 /* GeoFireUtils */ = {
			isa = XCSwiftPackageProductDependency;
			package = FBB7BB562CBDFAA200E20E11 /* XCRemoteSwiftPackageReference "geofire-objc" */;
			productName = GeoFireUtils;
		};
/* End XCSwiftPackageProductDependency section */
	};
	rootObject = BDB0298A2CBCF46100A0EAF6 /* Project object */;
}
